// !$*UTF8*$!
{
	archiveVersion = 1;
	classes = {
	};
	objectVersion = 46;
	objects = {

/* Begin PBXBuildFile section */
		022206780AA464527B9BBB54 /* libPods-RideRoutePlanDemo.a in Frameworks */ = {isa = PBXBuildFile; fileRef = 4B4DD4193FF3DD8EC47283BA /* libPods-RideRoutePlanDemo.a */; };
		6651B718D56C883D6DC8BA67 /* libPods-RideRoutePlanDemo-Swift.a in Frameworks */ = {isa = PBXBuildFile; fileRef = 9E582EF786BE10EEC25B99BB /* libPods-RideRoutePlanDemo-Swift.a */; };
		D971B5821E1E80CF00F726EF /* AppDelegate.swift in Sources */ = {isa = PBXBuildFile; fileRef = D971B5811E1E80CF00F726EF /* AppDelegate.swift */; };
		D971B5871E1E80CF00F726EF /* Main.storyboard in Resources */ = {isa = PBXBuildFile; fileRef = D971B5851E1E80CF00F726EF /* Main.storyboard */; };
		D971B5891E1E80CF00F726EF /* Assets.xcassets in Resources */ = {isa = PBXBuildFile; fileRef = D971B5881E1E80CF00F726EF /* Assets.xcassets */; };
		D971B58C1E1E80CF00F726EF /* LaunchScreen.storyboard in Resources */ = {isa = PBXBuildFile; fileRef = D971B58A1E1E80CF00F726EF /* LaunchScreen.storyboard */; };
		D971B5971E1E824200F726EF /* RootViewController.swift in Sources */ = {isa = PBXBuildFile; fileRef = D971B5911E1E824200F726EF /* RootViewController.swift */; };
		D971B5981E1E824200F726EF /* RoutePathDetailTableViewCell.swift in Sources */ = {isa = PBXBuildFile; fileRef = D971B5921E1E824200F726EF /* RoutePathDetailTableViewCell.swift */; };
		D971B5991E1E824200F726EF /* RoutePathDetailTableViewCell.xib in Resources */ = {isa = PBXBuildFile; fileRef = D971B5931E1E824200F726EF /* RoutePathDetailTableViewCell.xib */; };
		D971B59A1E1E824200F726EF /* RoutePathDetailViewController.swift in Sources */ = {isa = PBXBuildFile; fileRef = D971B5941E1E824200F726EF /* RoutePathDetailViewController.swift */; };
		D971B59B1E1E824200F726EF /* RoutePathDetailViewController.xib in Resources */ = {isa = PBXBuildFile; fileRef = D971B5951E1E824200F726EF /* RoutePathDetailViewController.xib */; };
		D971B59C1E1E82DC00F726EF /* LineDashPolyline.m in Sources */ = {isa = PBXBuildFile; fileRef = D97B7AA11E13663E00B5116C /* LineDashPolyline.m */; };
		D971B59D1E1E82DC00F726EF /* MANaviAnnotation.m in Sources */ = {isa = PBXBuildFile; fileRef = D97B7AA31E13663E00B5116C /* MANaviAnnotation.m */; };
		D971B59E1E1E82DC00F726EF /* MANaviPolyline.m in Sources */ = {isa = PBXBuildFile; fileRef = D97B7AA51E13663E00B5116C /* MANaviPolyline.m */; };
		D971B59F1E1E82DC00F726EF /* MANaviRoute.m in Sources */ = {isa = PBXBuildFile; fileRef = D97B7AA71E13663E00B5116C /* MANaviRoute.m */; };
		D971B5A01E1E82DC00F726EF /* CommonUtility.m in Sources */ = {isa = PBXBuildFile; fileRef = D97B7AFF1E13663E00B5116C /* CommonUtility.m */; };
		D971B5A11E1E82EA00F726EF /* arrow_right.png in Resources */ = {isa = PBXBuildFile; fileRef = D97B7AAA1E13663E00B5116C /* arrow_right.png */; };
		D971B5A21E1E82EA00F726EF /* arrow_right@2x.png in Resources */ = {isa = PBXBuildFile; fileRef = D97B7AAB1E13663E00B5116C /* arrow_right@2x.png */; };
		D971B5A31E1E82EA00F726EF /* arrowTexture.png in Resources */ = {isa = PBXBuildFile; fileRef = D97B7AAC1E13663E00B5116C /* arrowTexture.png */; };
		D971B5A41E1E82EA00F726EF /* bus@2x.png in Resources */ = {isa = PBXBuildFile; fileRef = D97B7AAD1E13663E00B5116C /* bus@2x.png */; };
		D971B5A51E1E82EA00F726EF /* car@2x.png in Resources */ = {isa = PBXBuildFile; fileRef = D97B7AAE1E13663E00B5116C /* car@2x.png */; };
		D971B5A61E1E82EA00F726EF /* compass@2x.png in Resources */ = {isa = PBXBuildFile; fileRef = D97B7AAF1E13663E00B5116C /* compass@2x.png */; };
		D971B5A71E1E82EA00F726EF /* custtexture.png in Resources */ = {isa = PBXBuildFile; fileRef = D97B7AB01E13663E00B5116C /* custtexture.png */; };
		D971B5A81E1E82EA00F726EF /* custtexture_bad.png in Resources */ = {isa = PBXBuildFile; fileRef = D97B7AB11E13663E00B5116C /* custtexture_bad.png */; };
		D971B5A91E1E82EA00F726EF /* custtexture_green.png in Resources */ = {isa = PBXBuildFile; fileRef = D97B7AB21E13663E00B5116C /* custtexture_green.png */; };
		D971B5AA1E1E82EA00F726EF /* custtexture_slow.png in Resources */ = {isa = PBXBuildFile; fileRef = D97B7AB31E13663E00B5116C /* custtexture_slow.png */; };
		D971B5AB1E1E82EA00F726EF /* decrease@2x.png in Resources */ = {isa = PBXBuildFile; fileRef = D97B7AB41E13663E00B5116C /* decrease@2x.png */; };
		D971B5AC1E1E82EA00F726EF /* delete@3x.png in Resources */ = {isa = PBXBuildFile; fileRef = D97B7AB51E13663E00B5116C /* delete@3x.png */; };
		D971B5AD1E1E82EA00F726EF /* busRoute@2x.png in Resources */ = {isa = PBXBuildFile; fileRef = D97B7AB71E13663E00B5116C /* busRoute@2x.png */; };
		D971B5AE1E1E82EA00F726EF /* busRoute@3x.png in Resources */ = {isa = PBXBuildFile; fileRef = D97B7AB81E13663E00B5116C /* busRoute@3x.png */; };
		D971B5AF1E1E82EA00F726EF /* dottedStraight@2x.png in Resources */ = {isa = PBXBuildFile; fileRef = D97B7AB91E13663E00B5116C /* dottedStraight@2x.png */; };
		D971B5B01E1E82EA00F726EF /* dottedStraight@3x.png in Resources */ = {isa = PBXBuildFile; fileRef = D97B7ABA1E13663E00B5116C /* dottedStraight@3x.png */; };
		D971B5B11E1E82EA00F726EF /* downStairs@2x.png in Resources */ = {isa = PBXBuildFile; fileRef = D97B7ABB1E13663E00B5116C /* downStairs@2x.png */; };
		D971B5B21E1E82EA00F726EF /* downStairs@3x.png in Resources */ = {isa = PBXBuildFile; fileRef = D97B7ABC1E13663E00B5116C /* downStairs@3x.png */; };
		D971B5B31E1E82EA00F726EF /* end@2x.png in Resources */ = {isa = PBXBuildFile; fileRef = D97B7ABD1E13663E00B5116C /* end@2x.png */; };
		D971B5B41E1E82EA00F726EF /* end@3x.png in Resources */ = {isa = PBXBuildFile; fileRef = D97B7ABE1E13663E00B5116C /* end@3x.png */; };
		D971B5B51E1E82EA00F726EF /* left@2x.png in Resources */ = {isa = PBXBuildFile; fileRef = D97B7ABF1E13663E00B5116C /* left@2x.png */; };
		D971B5B61E1E82EA00F726EF /* left@3x.png in Resources */ = {isa = PBXBuildFile; fileRef = D97B7AC01E13663E00B5116C /* left@3x.png */; };
		D971B5B71E1E82EA00F726EF /* leftFront@2x.png in Resources */ = {isa = PBXBuildFile; fileRef = D97B7AC11E13663E00B5116C /* leftFront@2x.png */; };
		D971B5B81E1E82EA00F726EF /* leftFront@3x.png in Resources */ = {isa = PBXBuildFile; fileRef = D97B7AC21E13663E00B5116C /* leftFront@3x.png */; };
		D971B5B91E1E82EA00F726EF /* leftRear@2x.png in Resources */ = {isa = PBXBuildFile; fileRef = D97B7AC31E13663E00B5116C /* leftRear@2x.png */; };
		D971B5BA1E1E82EA00F726EF /* leftRear@3x.png in Resources */ = {isa = PBXBuildFile; fileRef = D97B7AC41E13663E00B5116C /* leftRear@3x.png */; };
		D971B5BB1E1E82EA00F726EF /* lift@2x.png in Resources */ = {isa = PBXBuildFile; fileRef = D97B7AC51E13663E00B5116C /* lift@2x.png */; };
		D971B5BC1E1E82EA00F726EF /* lift@3x.png in Resources */ = {isa = PBXBuildFile; fileRef = D97B7AC61E13663E00B5116C /* lift@3x.png */; };
		D971B5BD1E1E82EA00F726EF /* pavement@2x.png in Resources */ = {isa = PBXBuildFile; fileRef = D97B7AC71E13663E00B5116C /* pavement@2x.png */; };
		D971B5BE1E1E82EA00F726EF /* pavement@3x.png in Resources */ = {isa = PBXBuildFile; fileRef = D97B7AC81E13663E00B5116C /* pavement@3x.png */; };
		D971B5BF1E1E82EA00F726EF /* point@2x.png in Resources */ = {isa = PBXBuildFile; fileRef = D97B7AC91E13663E00B5116C /* point@2x.png */; };
		D971B5C01E1E82EA00F726EF /* point@3x.png in Resources */ = {isa = PBXBuildFile; fileRef = D97B7ACA1E13663E00B5116C /* point@3x.png */; };
		D971B5C11E1E82EA00F726EF /* right@2x.png in Resources */ = {isa = PBXBuildFile; fileRef = D97B7ACB1E13663E00B5116C /* right@2x.png */; };
		D971B5C21E1E82EA00F726EF /* right@3x.png in Resources */ = {isa = PBXBuildFile; fileRef = D97B7ACC1E13663E00B5116C /* right@3x.png */; };
		D971B5C31E1E82EA00F726EF /* rightFront@2x.png in Resources */ = {isa = PBXBuildFile; fileRef = D97B7ACD1E13663E00B5116C /* rightFront@2x.png */; };
		D971B5C41E1E82EA00F726EF /* rightFront@3x.png in Resources */ = {isa = PBXBuildFile; fileRef = D97B7ACE1E13663E00B5116C /* rightFront@3x.png */; };
		D971B5C51E1E82EA00F726EF /* rightRear@2x.png in Resources */ = {isa = PBXBuildFile; fileRef = D97B7ACF1E13663E00B5116C /* rightRear@2x.png */; };
		D971B5C61E1E82EA00F726EF /* rightRear@3x.png in Resources */ = {isa = PBXBuildFile; fileRef = D97B7AD01E13663E00B5116C /* rightRear@3x.png */; };
		D971B5C71E1E82EA00F726EF /* start@2x.png in Resources */ = {isa = PBXBuildFile; fileRef = D97B7AD11E13663E00B5116C /* start@2x.png */; };
		D971B5C81E1E82EA00F726EF /* start@3x.png in Resources */ = {isa = PBXBuildFile; fileRef = D97B7AD21E13663E00B5116C /* start@3x.png */; };
		D971B5C91E1E82EA00F726EF /* straight@2x.png in Resources */ = {isa = PBXBuildFile; fileRef = D97B7AD31E13663E00B5116C /* straight@2x.png */; };
		D971B5CA1E1E82EA00F726EF /* straight@3x.png in Resources */ = {isa = PBXBuildFile; fileRef = D97B7AD41E13663E00B5116C /* straight@3x.png */; };
		D971B5CB1E1E82EA00F726EF /* underGround@2x.png in Resources */ = {isa = PBXBuildFile; fileRef = D97B7AD51E13663E00B5116C /* underGround@2x.png */; };
		D971B5CC1E1E82EA00F726EF /* underGround@3x.png in Resources */ = {isa = PBXBuildFile; fileRef = D97B7AD61E13663E00B5116C /* underGround@3x.png */; };
		D971B5CD1E1E82EA00F726EF /* upStairs@2x.png in Resources */ = {isa = PBXBuildFile; fileRef = D97B7AD71E13663E00B5116C /* upStairs@2x.png */; };
		D971B5CE1E1E82EA00F726EF /* upStairs@3x.png in Resources */ = {isa = PBXBuildFile; fileRef = D97B7AD81E13663E00B5116C /* upStairs@3x.png */; };
		D971B5CF1E1E82EA00F726EF /* walkRoute@2x.png in Resources */ = {isa = PBXBuildFile; fileRef = D97B7AD91E13663E00B5116C /* walkRoute@2x.png */; };
		D971B5D01E1E82EA00F726EF /* walkRoute@3x.png in Resources */ = {isa = PBXBuildFile; fileRef = D97B7ADA1E13663E00B5116C /* walkRoute@3x.png */; };
		D971B5D11E1E82EA00F726EF /* download@3x.png in Resources */ = {isa = PBXBuildFile; fileRef = D97B7ADB1E13663E00B5116C /* download@3x.png */; };
		D971B5D21E1E82EA00F726EF /* endPoint.png in Resources */ = {isa = PBXBuildFile; fileRef = D97B7ADC1E13663E00B5116C /* endPoint.png */; };
		D971B5D31E1E82EA00F726EF /* endPoint@2x.png in Resources */ = {isa = PBXBuildFile; fileRef = D97B7ADD1E13663E00B5116C /* endPoint@2x.png */; };
		D971B5D41E1E82EA00F726EF /* gpsStat1@2x.png in Resources */ = {isa = PBXBuildFile; fileRef = D97B7ADE1E13663E00B5116C /* gpsStat1@2x.png */; };
		D971B5D51E1E82EA00F726EF /* gpsStat2@2x.png in Resources */ = {isa = PBXBuildFile; fileRef = D97B7ADF1E13663E00B5116C /* gpsStat2@2x.png */; };
		D971B5D61E1E82EA00F726EF /* GWF.png in Resources */ = {isa = PBXBuildFile; fileRef = D97B7AE01E13663E00B5116C /* GWF.png */; };
		D971B5D71E1E82EA00F726EF /* hema.png in Resources */ = {isa = PBXBuildFile; fileRef = D97B7AE11E13663E00B5116C /* hema.png */; };
		D971B5D81E1E82EA00F726EF /* icon-72.png in Resources */ = {isa = PBXBuildFile; fileRef = D97B7AE31E13663E00B5116C /* icon-72.png */; };
		D971B5D91E1E82EA00F726EF /* icon-72@2x.png in Resources */ = {isa = PBXBuildFile; fileRef = D97B7AE41E13663E00B5116C /* icon-72@2x.png */; };
		D971B5DA1E1E82EA00F726EF /* icon.png in Resources */ = {isa = PBXBuildFile; fileRef = D97B7AE51E13663E00B5116C /* icon.png */; };
		D971B5DB1E1E82EA00F726EF /* icon@2x.png in Resources */ = {isa = PBXBuildFile; fileRef = D97B7AE61E13663E00B5116C /* icon@2x.png */; };
		D971B5DC1E1E82EA00F726EF /* increase@2x.png in Resources */ = {isa = PBXBuildFile; fileRef = D97B7AE71E13663E00B5116C /* increase@2x.png */; };
		D971B5DD1E1E82EA00F726EF /* locate@2x.png in Resources */ = {isa = PBXBuildFile; fileRef = D97B7AE81E13663E00B5116C /* locate@2x.png */; };
		D971B5DE1E1E82EA00F726EF /* man@2x.png in Resources */ = {isa = PBXBuildFile; fileRef = D97B7AE91E13663E00B5116C /* man@2x.png */; };
		D971B5DF1E1E82EA00F726EF /* navi@2x.png in Resources */ = {isa = PBXBuildFile; fileRef = D97B7AEA1E13663E00B5116C /* navi@2x.png */; };
		D971B5E01E1E82EA00F726EF /* naviBackgroundHighlighted.png in Resources */ = {isa = PBXBuildFile; fileRef = D97B7AEB1E13663E00B5116C /* naviBackgroundHighlighted.png */; };
		D971B5E11E1E82EA00F726EF /* naviBackgroundNormal.png in Resources */ = {isa = PBXBuildFile; fileRef = D97B7AEC1E13663E00B5116C /* naviBackgroundNormal.png */; };
		D971B5E21E1E82EA00F726EF /* pause@3x.png in Resources */ = {isa = PBXBuildFile; fileRef = D97B7AED1E13663E00B5116C /* pause@3x.png */; };
		D971B5E31E1E82EA00F726EF /* public_button_back@2x.png in Resources */ = {isa = PBXBuildFile; fileRef = D97B7AEE1E13663E00B5116C /* public_button_back@2x.png */; };
		D971B5E41E1E82EA00F726EF /* public_button_back@3x.png in Resources */ = {isa = PBXBuildFile; fileRef = D97B7AEF1E13663E00B5116C /* public_button_back@3x.png */; };
		D971B5E51E1E82EA00F726EF /* railway_station@2x.png in Resources */ = {isa = PBXBuildFile; fileRef = D97B7AF01E13663E00B5116C /* railway_station@2x.png */; };
		D971B5E61E1E82EA00F726EF /* ride@2x.png in Resources */ = {isa = PBXBuildFile; fileRef = D97B7AF11E13663E00B5116C /* ride@2x.png */; };
		D971B5E71E1E82EA00F726EF /* search@2x.png in Resources */ = {isa = PBXBuildFile; fileRef = D97B7AF21E13663E00B5116C /* search@2x.png */; };
		D971B5E81E1E82EA00F726EF /* startPoint.png in Resources */ = {isa = PBXBuildFile; fileRef = D97B7AF31E13663E00B5116C /* startPoint.png */; };
		D971B5E91E1E82EA00F726EF /* startPoint@2x.png in Resources */ = {isa = PBXBuildFile; fileRef = D97B7AF41E13663E00B5116C /* startPoint@2x.png */; };
		D971B5EA1E1E82EA00F726EF /* userPosition.png in Resources */ = {isa = PBXBuildFile; fileRef = D97B7AF51E13663E00B5116C /* userPosition.png */; };
		D971B5EB1E1E82EA00F726EF /* userPosition@2x.png in Resources */ = {isa = PBXBuildFile; fileRef = D97B7AF61E13663E00B5116C /* userPosition@2x.png */; };
		D971B6E21E237D6900F726EF /* RideRoutePlanDemoUITests.m in Sources */ = {isa = PBXBuildFile; fileRef = D971B6E11E237D6900F726EF /* RideRoutePlanDemoUITests.m */; };
		D97B7A891E1364A800B5116C /* main.m in Sources */ = {isa = PBXBuildFile; fileRef = D97B7A881E1364A800B5116C /* main.m */; };
		D97B7A8C1E1364A800B5116C /* AppDelegate.m in Sources */ = {isa = PBXBuildFile; fileRef = D97B7A8B1E1364A800B5116C /* AppDelegate.m */; };
		D97B7A8F1E1364A800B5116C /* ViewController.m in Sources */ = {isa = PBXBuildFile; fileRef = D97B7A8E1E1364A800B5116C /* ViewController.m */; };
		D97B7A921E1364A800B5116C /* Main.storyboard in Resources */ = {isa = PBXBuildFile; fileRef = D97B7A901E1364A800B5116C /* Main.storyboard */; };
		D97B7A941E1364A800B5116C /* Assets.xcassets in Resources */ = {isa = PBXBuildFile; fileRef = D97B7A931E1364A800B5116C /* Assets.xcassets */; };
		D97B7A971E1364A800B5116C /* LaunchScreen.storyboard in Resources */ = {isa = PBXBuildFile; fileRef = D97B7A951E1364A800B5116C /* LaunchScreen.storyboard */; };
		D97B7B001E13663E00B5116C /* LineDashPolyline.m in Sources */ = {isa = PBXBuildFile; fileRef = D97B7AA11E13663E00B5116C /* LineDashPolyline.m */; };
		D97B7B011E13663E00B5116C /* MANaviAnnotation.m in Sources */ = {isa = PBXBuildFile; fileRef = D97B7AA31E13663E00B5116C /* MANaviAnnotation.m */; };
		D97B7B021E13663E00B5116C /* MANaviPolyline.m in Sources */ = {isa = PBXBuildFile; fileRef = D97B7AA51E13663E00B5116C /* MANaviPolyline.m */; };
		D97B7B031E13663E00B5116C /* MANaviRoute.m in Sources */ = {isa = PBXBuildFile; fileRef = D97B7AA71E13663E00B5116C /* MANaviRoute.m */; };
		D97B7B041E13663E00B5116C /* arrow_right.png in Resources */ = {isa = PBXBuildFile; fileRef = D97B7AAA1E13663E00B5116C /* arrow_right.png */; };
		D97B7B051E13663E00B5116C /* arrow_right@2x.png in Resources */ = {isa = PBXBuildFile; fileRef = D97B7AAB1E13663E00B5116C /* arrow_right@2x.png */; };
		D97B7B061E13663E00B5116C /* arrowTexture.png in Resources */ = {isa = PBXBuildFile; fileRef = D97B7AAC1E13663E00B5116C /* arrowTexture.png */; };
		D97B7B071E13663E00B5116C /* bus@2x.png in Resources */ = {isa = PBXBuildFile; fileRef = D97B7AAD1E13663E00B5116C /* bus@2x.png */; };
		D97B7B081E13663E00B5116C /* car@2x.png in Resources */ = {isa = PBXBuildFile; fileRef = D97B7AAE1E13663E00B5116C /* car@2x.png */; };
		D97B7B091E13663E00B5116C /* compass@2x.png in Resources */ = {isa = PBXBuildFile; fileRef = D97B7AAF1E13663E00B5116C /* compass@2x.png */; };
		D97B7B0A1E13663E00B5116C /* custtexture.png in Resources */ = {isa = PBXBuildFile; fileRef = D97B7AB01E13663E00B5116C /* custtexture.png */; };
		D97B7B0B1E13663E00B5116C /* custtexture_bad.png in Resources */ = {isa = PBXBuildFile; fileRef = D97B7AB11E13663E00B5116C /* custtexture_bad.png */; };
		D97B7B0C1E13663E00B5116C /* custtexture_green.png in Resources */ = {isa = PBXBuildFile; fileRef = D97B7AB21E13663E00B5116C /* custtexture_green.png */; };
		D97B7B0D1E13663E00B5116C /* custtexture_slow.png in Resources */ = {isa = PBXBuildFile; fileRef = D97B7AB31E13663E00B5116C /* custtexture_slow.png */; };
		D97B7B0E1E13663E00B5116C /* decrease@2x.png in Resources */ = {isa = PBXBuildFile; fileRef = D97B7AB41E13663E00B5116C /* decrease@2x.png */; };
		D97B7B0F1E13663E00B5116C /* delete@3x.png in Resources */ = {isa = PBXBuildFile; fileRef = D97B7AB51E13663E00B5116C /* delete@3x.png */; };
		D97B7B101E13663E00B5116C /* busRoute@2x.png in Resources */ = {isa = PBXBuildFile; fileRef = D97B7AB71E13663E00B5116C /* busRoute@2x.png */; };
		D97B7B111E13663E00B5116C /* busRoute@3x.png in Resources */ = {isa = PBXBuildFile; fileRef = D97B7AB81E13663E00B5116C /* busRoute@3x.png */; };
		D97B7B121E13663E00B5116C /* dottedStraight@2x.png in Resources */ = {isa = PBXBuildFile; fileRef = D97B7AB91E13663E00B5116C /* dottedStraight@2x.png */; };
		D97B7B131E13663E00B5116C /* dottedStraight@3x.png in Resources */ = {isa = PBXBuildFile; fileRef = D97B7ABA1E13663E00B5116C /* dottedStraight@3x.png */; };
		D97B7B141E13663E00B5116C /* downStairs@2x.png in Resources */ = {isa = PBXBuildFile; fileRef = D97B7ABB1E13663E00B5116C /* downStairs@2x.png */; };
		D97B7B151E13663E00B5116C /* downStairs@3x.png in Resources */ = {isa = PBXBuildFile; fileRef = D97B7ABC1E13663E00B5116C /* downStairs@3x.png */; };
		D97B7B161E13663E00B5116C /* end@2x.png in Resources */ = {isa = PBXBuildFile; fileRef = D97B7ABD1E13663E00B5116C /* end@2x.png */; };
		D97B7B171E13663E00B5116C /* end@3x.png in Resources */ = {isa = PBXBuildFile; fileRef = D97B7ABE1E13663E00B5116C /* end@3x.png */; };
		D97B7B181E13663E00B5116C /* left@2x.png in Resources */ = {isa = PBXBuildFile; fileRef = D97B7ABF1E13663E00B5116C /* left@2x.png */; };
		D97B7B191E13663E00B5116C /* left@3x.png in Resources */ = {isa = PBXBuildFile; fileRef = D97B7AC01E13663E00B5116C /* left@3x.png */; };
		D97B7B1A1E13663E00B5116C /* leftFront@2x.png in Resources */ = {isa = PBXBuildFile; fileRef = D97B7AC11E13663E00B5116C /* leftFront@2x.png */; };
		D97B7B1B1E13663E00B5116C /* leftFront@3x.png in Resources */ = {isa = PBXBuildFile; fileRef = D97B7AC21E13663E00B5116C /* leftFront@3x.png */; };
		D97B7B1C1E13663E00B5116C /* leftRear@2x.png in Resources */ = {isa = PBXBuildFile; fileRef = D97B7AC31E13663E00B5116C /* leftRear@2x.png */; };
		D97B7B1D1E13663E00B5116C /* leftRear@3x.png in Resources */ = {isa = PBXBuildFile; fileRef = D97B7AC41E13663E00B5116C /* leftRear@3x.png */; };
		D97B7B1E1E13663E00B5116C /* lift@2x.png in Resources */ = {isa = PBXBuildFile; fileRef = D97B7AC51E13663E00B5116C /* lift@2x.png */; };
		D97B7B1F1E13663E00B5116C /* lift@3x.png in Resources */ = {isa = PBXBuildFile; fileRef = D97B7AC61E13663E00B5116C /* lift@3x.png */; };
		D97B7B201E13663E00B5116C /* pavement@2x.png in Resources */ = {isa = PBXBuildFile; fileRef = D97B7AC71E13663E00B5116C /* pavement@2x.png */; };
		D97B7B211E13663E00B5116C /* pavement@3x.png in Resources */ = {isa = PBXBuildFile; fileRef = D97B7AC81E13663E00B5116C /* pavement@3x.png */; };
		D97B7B221E13663E00B5116C /* point@2x.png in Resources */ = {isa = PBXBuildFile; fileRef = D97B7AC91E13663E00B5116C /* point@2x.png */; };
		D97B7B231E13663E00B5116C /* point@3x.png in Resources */ = {isa = PBXBuildFile; fileRef = D97B7ACA1E13663E00B5116C /* point@3x.png */; };
		D97B7B241E13663E00B5116C /* right@2x.png in Resources */ = {isa = PBXBuildFile; fileRef = D97B7ACB1E13663E00B5116C /* right@2x.png */; };
		D97B7B251E13663E00B5116C /* right@3x.png in Resources */ = {isa = PBXBuildFile; fileRef = D97B7ACC1E13663E00B5116C /* right@3x.png */; };
		D97B7B261E13663E00B5116C /* rightFront@2x.png in Resources */ = {isa = PBXBuildFile; fileRef = D97B7ACD1E13663E00B5116C /* rightFront@2x.png */; };
		D97B7B271E13663E00B5116C /* rightFront@3x.png in Resources */ = {isa = PBXBuildFile; fileRef = D97B7ACE1E13663E00B5116C /* rightFront@3x.png */; };
		D97B7B281E13663E00B5116C /* rightRear@2x.png in Resources */ = {isa = PBXBuildFile; fileRef = D97B7ACF1E13663E00B5116C /* rightRear@2x.png */; };
		D97B7B291E13663E00B5116C /* rightRear@3x.png in Resources */ = {isa = PBXBuildFile; fileRef = D97B7AD01E13663E00B5116C /* rightRear@3x.png */; };
		D97B7B2A1E13663E00B5116C /* start@2x.png in Resources */ = {isa = PBXBuildFile; fileRef = D97B7AD11E13663E00B5116C /* start@2x.png */; };
		D97B7B2B1E13663E00B5116C /* start@3x.png in Resources */ = {isa = PBXBuildFile; fileRef = D97B7AD21E13663E00B5116C /* start@3x.png */; };
		D97B7B2C1E13663E00B5116C /* straight@2x.png in Resources */ = {isa = PBXBuildFile; fileRef = D97B7AD31E13663E00B5116C /* straight@2x.png */; };
		D97B7B2D1E13663E00B5116C /* straight@3x.png in Resources */ = {isa = PBXBuildFile; fileRef = D97B7AD41E13663E00B5116C /* straight@3x.png */; };
		D97B7B2E1E13663E00B5116C /* underGround@2x.png in Resources */ = {isa = PBXBuildFile; fileRef = D97B7AD51E13663E00B5116C /* underGround@2x.png */; };
		D97B7B2F1E13663E00B5116C /* underGround@3x.png in Resources */ = {isa = PBXBuildFile; fileRef = D97B7AD61E13663E00B5116C /* underGround@3x.png */; };
		D97B7B301E13663E00B5116C /* upStairs@2x.png in Resources */ = {isa = PBXBuildFile; fileRef = D97B7AD71E13663E00B5116C /* upStairs@2x.png */; };
		D97B7B311E13663E00B5116C /* upStairs@3x.png in Resources */ = {isa = PBXBuildFile; fileRef = D97B7AD81E13663E00B5116C /* upStairs@3x.png */; };
		D97B7B321E13663E00B5116C /* walkRoute@2x.png in Resources */ = {isa = PBXBuildFile; fileRef = D97B7AD91E13663E00B5116C /* walkRoute@2x.png */; };
		D97B7B331E13663E00B5116C /* walkRoute@3x.png in Resources */ = {isa = PBXBuildFile; fileRef = D97B7ADA1E13663E00B5116C /* walkRoute@3x.png */; };
		D97B7B341E13663E00B5116C /* download@3x.png in Resources */ = {isa = PBXBuildFile; fileRef = D97B7ADB1E13663E00B5116C /* download@3x.png */; };
		D97B7B351E13663E00B5116C /* endPoint.png in Resources */ = {isa = PBXBuildFile; fileRef = D97B7ADC1E13663E00B5116C /* endPoint.png */; };
		D97B7B361E13663E00B5116C /* endPoint@2x.png in Resources */ = {isa = PBXBuildFile; fileRef = D97B7ADD1E13663E00B5116C /* endPoint@2x.png */; };
		D97B7B371E13663E00B5116C /* gpsStat1@2x.png in Resources */ = {isa = PBXBuildFile; fileRef = D97B7ADE1E13663E00B5116C /* gpsStat1@2x.png */; };
		D97B7B381E13663E00B5116C /* gpsStat2@2x.png in Resources */ = {isa = PBXBuildFile; fileRef = D97B7ADF1E13663E00B5116C /* gpsStat2@2x.png */; };
		D97B7B391E13663E00B5116C /* GWF.png in Resources */ = {isa = PBXBuildFile; fileRef = D97B7AE01E13663E00B5116C /* GWF.png */; };
		D97B7B3A1E13663E00B5116C /* hema.png in Resources */ = {isa = PBXBuildFile; fileRef = D97B7AE11E13663E00B5116C /* hema.png */; };
		D97B7B3B1E13663E00B5116C /* icon-72.png in Resources */ = {isa = PBXBuildFile; fileRef = D97B7AE31E13663E00B5116C /* icon-72.png */; };
		D97B7B3C1E13663E00B5116C /* icon-72@2x.png in Resources */ = {isa = PBXBuildFile; fileRef = D97B7AE41E13663E00B5116C /* icon-72@2x.png */; };
		D97B7B3D1E13663E00B5116C /* icon.png in Resources */ = {isa = PBXBuildFile; fileRef = D97B7AE51E13663E00B5116C /* icon.png */; };
		D97B7B3E1E13663E00B5116C /* icon@2x.png in Resources */ = {isa = PBXBuildFile; fileRef = D97B7AE61E13663E00B5116C /* icon@2x.png */; };
		D97B7B3F1E13663E00B5116C /* increase@2x.png in Resources */ = {isa = PBXBuildFile; fileRef = D97B7AE71E13663E00B5116C /* increase@2x.png */; };
		D97B7B401E13663E00B5116C /* locate@2x.png in Resources */ = {isa = PBXBuildFile; fileRef = D97B7AE81E13663E00B5116C /* locate@2x.png */; };
		D97B7B411E13663E00B5116C /* man@2x.png in Resources */ = {isa = PBXBuildFile; fileRef = D97B7AE91E13663E00B5116C /* man@2x.png */; };
		D97B7B421E13663E00B5116C /* navi@2x.png in Resources */ = {isa = PBXBuildFile; fileRef = D97B7AEA1E13663E00B5116C /* navi@2x.png */; };
		D97B7B431E13663E00B5116C /* naviBackgroundHighlighted.png in Resources */ = {isa = PBXBuildFile; fileRef = D97B7AEB1E13663E00B5116C /* naviBackgroundHighlighted.png */; };
		D97B7B441E13663E00B5116C /* naviBackgroundNormal.png in Resources */ = {isa = PBXBuildFile; fileRef = D97B7AEC1E13663E00B5116C /* naviBackgroundNormal.png */; };
		D97B7B451E13663E00B5116C /* pause@3x.png in Resources */ = {isa = PBXBuildFile; fileRef = D97B7AED1E13663E00B5116C /* pause@3x.png */; };
		D97B7B461E13663E00B5116C /* public_button_back@2x.png in Resources */ = {isa = PBXBuildFile; fileRef = D97B7AEE1E13663E00B5116C /* public_button_back@2x.png */; };
		D97B7B471E13663E00B5116C /* public_button_back@3x.png in Resources */ = {isa = PBXBuildFile; fileRef = D97B7AEF1E13663E00B5116C /* public_button_back@3x.png */; };
		D97B7B481E13663E00B5116C /* railway_station@2x.png in Resources */ = {isa = PBXBuildFile; fileRef = D97B7AF01E13663E00B5116C /* railway_station@2x.png */; };
		D97B7B491E13663E00B5116C /* ride@2x.png in Resources */ = {isa = PBXBuildFile; fileRef = D97B7AF11E13663E00B5116C /* ride@2x.png */; };
		D97B7B4A1E13663E00B5116C /* search@2x.png in Resources */ = {isa = PBXBuildFile; fileRef = D97B7AF21E13663E00B5116C /* search@2x.png */; };
		D97B7B4B1E13663E00B5116C /* startPoint.png in Resources */ = {isa = PBXBuildFile; fileRef = D97B7AF31E13663E00B5116C /* startPoint.png */; };
		D97B7B4C1E13663E00B5116C /* startPoint@2x.png in Resources */ = {isa = PBXBuildFile; fileRef = D97B7AF41E13663E00B5116C /* startPoint@2x.png */; };
		D97B7B4D1E13663E00B5116C /* userPosition.png in Resources */ = {isa = PBXBuildFile; fileRef = D97B7AF51E13663E00B5116C /* userPosition.png */; };
		D97B7B4E1E13663E00B5116C /* userPosition@2x.png in Resources */ = {isa = PBXBuildFile; fileRef = D97B7AF61E13663E00B5116C /* userPosition@2x.png */; };
		D97B7B4F1E13663E00B5116C /* RoutePathDetailTableViewCell.m in Sources */ = {isa = PBXBuildFile; fileRef = D97B7AF81E13663E00B5116C /* RoutePathDetailTableViewCell.m */; };
		D97B7B501E13663E00B5116C /* RoutePathDetailTableViewCell.xib in Resources */ = {isa = PBXBuildFile; fileRef = D97B7AF91E13663E00B5116C /* RoutePathDetailTableViewCell.xib */; };
		D97B7B511E13663E00B5116C /* RoutePathDetailViewController.m in Sources */ = {isa = PBXBuildFile; fileRef = D97B7AFB1E13663E00B5116C /* RoutePathDetailViewController.m */; };
		D97B7B521E13663E00B5116C /* RoutePathDetailViewController.xib in Resources */ = {isa = PBXBuildFile; fileRef = D97B7AFC1E13663E00B5116C /* RoutePathDetailViewController.xib */; };
		D97B7B531E13663E00B5116C /* CommonUtility.m in Sources */ = {isa = PBXBuildFile; fileRef = D97B7AFF1E13663E00B5116C /* CommonUtility.m */; };
/* End PBXBuildFile section */

/* Begin PBXContainerItemProxy section */
		D971B6E41E237D6900F726EF /* PBXContainerItemProxy */ = {
			isa = PBXContainerItemProxy;
			containerPortal = D97B7A7C1E1364A800B5116C /* Project object */;
			proxyType = 1;
			remoteGlobalIDString = D97B7A831E1364A800B5116C;
			remoteInfo = RideRoutePlanDemo;
		};
/* End PBXContainerItemProxy section */

/* Begin PBXFileReference section */
		1DB2FA850E0F5D71DD0558DB /* Pods-RideRoutePlanDemo.release.xcconfig */ = {isa = PBXFileReference; includeInIndex = 1; lastKnownFileType = text.xcconfig; name = "Pods-RideRoutePlanDemo.release.xcconfig"; path = "Pods/Target Support Files/Pods-RideRoutePlanDemo/Pods-RideRoutePlanDemo.release.xcconfig"; sourceTree = "<group>"; };
		429D8722635CC2ACC15E9494 /* Pods-RideRoutePlanDemo-Swift.release.xcconfig */ = {isa = PBXFileReference; includeInIndex = 1; lastKnownFileType = text.xcconfig; name = "Pods-RideRoutePlanDemo-Swift.release.xcconfig"; path = "Pods/Target Support Files/Pods-RideRoutePlanDemo-Swift/Pods-RideRoutePlanDemo-Swift.release.xcconfig"; sourceTree = "<group>"; };
		4B4DD4193FF3DD8EC47283BA /* libPods-RideRoutePlanDemo.a */ = {isa = PBXFileReference; explicitFileType = archive.ar; includeInIndex = 0; path = "libPods-RideRoutePlanDemo.a"; sourceTree = BUILT_PRODUCTS_DIR; };
		5003E9A47AEE2B2322944169 /* Pods-RideRoutePlanDemo-Swift.debug.xcconfig */ = {isa = PBXFileReference; includeInIndex = 1; lastKnownFileType = text.xcconfig; name = "Pods-RideRoutePlanDemo-Swift.debug.xcconfig"; path = "Pods/Target Support Files/Pods-RideRoutePlanDemo-Swift/Pods-RideRoutePlanDemo-Swift.debug.xcconfig"; sourceTree = "<group>"; };
		9E582EF786BE10EEC25B99BB /* libPods-RideRoutePlanDemo-Swift.a */ = {isa = PBXFileReference; explicitFileType = archive.ar; includeInIndex = 0; path = "libPods-RideRoutePlanDemo-Swift.a"; sourceTree = BUILT_PRODUCTS_DIR; };
		A01E9535400EDDB54DC7E799 /* Pods-RideRoutePlanDemo.debug.xcconfig */ = {isa = PBXFileReference; includeInIndex = 1; lastKnownFileType = text.xcconfig; name = "Pods-RideRoutePlanDemo.debug.xcconfig"; path = "Pods/Target Support Files/Pods-RideRoutePlanDemo/Pods-RideRoutePlanDemo.debug.xcconfig"; sourceTree = "<group>"; };
		D971B57F1E1E80CF00F726EF /* RideRoutePlanDemo-Swift.app */ = {isa = PBXFileReference; explicitFileType = wrapper.application; includeInIndex = 0; path = "RideRoutePlanDemo-Swift.app"; sourceTree = BUILT_PRODUCTS_DIR; };
		D971B5811E1E80CF00F726EF /* AppDelegate.swift */ = {isa = PBXFileReference; lastKnownFileType = sourcecode.swift; path = AppDelegate.swift; sourceTree = "<group>"; };
		D971B5861E1E80CF00F726EF /* Base */ = {isa = PBXFileReference; lastKnownFileType = file.storyboard; name = Base; path = Base.lproj/Main.storyboard; sourceTree = "<group>"; };
		D971B5881E1E80CF00F726EF /* Assets.xcassets */ = {isa = PBXFileReference; lastKnownFileType = folder.assetcatalog; path = Assets.xcassets; sourceTree = "<group>"; };
		D971B58B1E1E80CF00F726EF /* Base */ = {isa = PBXFileReference; lastKnownFileType = file.storyboard; name = Base; path = Base.lproj/LaunchScreen.storyboard; sourceTree = "<group>"; };
		D971B58D1E1E80CF00F726EF /* Info.plist */ = {isa = PBXFileReference; lastKnownFileType = text.plist.xml; path = Info.plist; sourceTree = "<group>"; };
		D971B5911E1E824200F726EF /* RootViewController.swift */ = {isa = PBXFileReference; fileEncoding = 4; lastKnownFileType = sourcecode.swift; path = RootViewController.swift; sourceTree = "<group>"; };
		D971B5921E1E824200F726EF /* RoutePathDetailTableViewCell.swift */ = {isa = PBXFileReference; fileEncoding = 4; lastKnownFileType = sourcecode.swift; path = RoutePathDetailTableViewCell.swift; sourceTree = "<group>"; };
		D971B5931E1E824200F726EF /* RoutePathDetailTableViewCell.xib */ = {isa = PBXFileReference; fileEncoding = 4; lastKnownFileType = file.xib; path = RoutePathDetailTableViewCell.xib; sourceTree = "<group>"; };
		D971B5941E1E824200F726EF /* RoutePathDetailViewController.swift */ = {isa = PBXFileReference; fileEncoding = 4; lastKnownFileType = sourcecode.swift; path = RoutePathDetailViewController.swift; sourceTree = "<group>"; };
		D971B5951E1E824200F726EF /* RoutePathDetailViewController.xib */ = {isa = PBXFileReference; fileEncoding = 4; lastKnownFileType = file.xib; path = RoutePathDetailViewController.xib; sourceTree = "<group>"; };
		D971B5961E1E824200F726EF /* Swift-Bridging-Header.h */ = {isa = PBXFileReference; fileEncoding = 4; lastKnownFileType = sourcecode.c.h; path = "Swift-Bridging-Header.h"; sourceTree = "<group>"; };
		D971B6DF1E237D6900F726EF /* RideRoutePlanDemoUITests.xctest */ = {isa = PBXFileReference; explicitFileType = wrapper.cfbundle; includeInIndex = 0; path = RideRoutePlanDemoUITests.xctest; sourceTree = BUILT_PRODUCTS_DIR; };
		D971B6E11E237D6900F726EF /* RideRoutePlanDemoUITests.m */ = {isa = PBXFileReference; lastKnownFileType = sourcecode.c.objc; path = RideRoutePlanDemoUITests.m; sourceTree = "<group>"; };
		D971B6E31E237D6900F726EF /* Info.plist */ = {isa = PBXFileReference; lastKnownFileType = text.plist.xml; path = Info.plist; sourceTree = "<group>"; };
		D97B7A841E1364A800B5116C /* RideRoutePlanDemo.app */ = {isa = PBXFileReference; explicitFileType = wrapper.application; includeInIndex = 0; path = RideRoutePlanDemo.app; sourceTree = BUILT_PRODUCTS_DIR; };
		D97B7A881E1364A800B5116C /* main.m */ = {isa = PBXFileReference; lastKnownFileType = sourcecode.c.objc; path = main.m; sourceTree = "<group>"; };
		D97B7A8A1E1364A800B5116C /* AppDelegate.h */ = {isa = PBXFileReference; lastKnownFileType = sourcecode.c.h; path = AppDelegate.h; sourceTree = "<group>"; };
		D97B7A8B1E1364A800B5116C /* AppDelegate.m */ = {isa = PBXFileReference; lastKnownFileType = sourcecode.c.objc; path = AppDelegate.m; sourceTree = "<group>"; };
		D97B7A8D1E1364A800B5116C /* ViewController.h */ = {isa = PBXFileReference; lastKnownFileType = sourcecode.c.h; path = ViewController.h; sourceTree = "<group>"; };
		D97B7A8E1E1364A800B5116C /* ViewController.m */ = {isa = PBXFileReference; lastKnownFileType = sourcecode.c.objc; path = ViewController.m; sourceTree = "<group>"; };
		D97B7A911E1364A800B5116C /* Base */ = {isa = PBXFileReference; lastKnownFileType = file.storyboard; name = Base; path = Base.lproj/Main.storyboard; sourceTree = "<group>"; };
		D97B7A931E1364A800B5116C /* Assets.xcassets */ = {isa = PBXFileReference; lastKnownFileType = folder.assetcatalog; path = Assets.xcassets; sourceTree = "<group>"; };
		D97B7A961E1364A800B5116C /* Base */ = {isa = PBXFileReference; lastKnownFileType = file.storyboard; name = Base; path = Base.lproj/LaunchScreen.storyboard; sourceTree = "<group>"; };
		D97B7A981E1364A800B5116C /* Info.plist */ = {isa = PBXFileReference; lastKnownFileType = text.plist.xml; path = Info.plist; sourceTree = "<group>"; };
		D97B7A9E1E13663E00B5116C /* APIKey.h */ = {isa = PBXFileReference; fileEncoding = 4; lastKnownFileType = sourcecode.c.h; path = APIKey.h; sourceTree = "<group>"; };
		D97B7AA01E13663E00B5116C /* LineDashPolyline.h */ = {isa = PBXFileReference; fileEncoding = 4; lastKnownFileType = sourcecode.c.h; path = LineDashPolyline.h; sourceTree = "<group>"; };
		D97B7AA11E13663E00B5116C /* LineDashPolyline.m */ = {isa = PBXFileReference; fileEncoding = 4; lastKnownFileType = sourcecode.c.objc; path = LineDashPolyline.m; sourceTree = "<group>"; };
		D97B7AA21E13663E00B5116C /* MANaviAnnotation.h */ = {isa = PBXFileReference; fileEncoding = 4; lastKnownFileType = sourcecode.c.h; path = MANaviAnnotation.h; sourceTree = "<group>"; };
		D97B7AA31E13663E00B5116C /* MANaviAnnotation.m */ = {isa = PBXFileReference; fileEncoding = 4; lastKnownFileType = sourcecode.c.objc; path = MANaviAnnotation.m; sourceTree = "<group>"; };
		D97B7AA41E13663E00B5116C /* MANaviPolyline.h */ = {isa = PBXFileReference; fileEncoding = 4; lastKnownFileType = sourcecode.c.h; path = MANaviPolyline.h; sourceTree = "<group>"; };
		D97B7AA51E13663E00B5116C /* MANaviPolyline.m */ = {isa = PBXFileReference; fileEncoding = 4; lastKnownFileType = sourcecode.c.objc; path = MANaviPolyline.m; sourceTree = "<group>"; };
		D97B7AA61E13663E00B5116C /* MANaviRoute.h */ = {isa = PBXFileReference; fileEncoding = 4; lastKnownFileType = sourcecode.c.h; path = MANaviRoute.h; sourceTree = "<group>"; };
		D97B7AA71E13663E00B5116C /* MANaviRoute.m */ = {isa = PBXFileReference; fileEncoding = 4; lastKnownFileType = sourcecode.c.objc; path = MANaviRoute.m; sourceTree = "<group>"; };
		D97B7AAA1E13663E00B5116C /* arrow_right.png */ = {isa = PBXFileReference; lastKnownFileType = image.png; path = arrow_right.png; sourceTree = "<group>"; };
		D97B7AAB1E13663E00B5116C /* arrow_right@2x.png */ = {isa = PBXFileReference; lastKnownFileType = image.png; path = "arrow_right@2x.png"; sourceTree = "<group>"; };
		D97B7AAC1E13663E00B5116C /* arrowTexture.png */ = {isa = PBXFileReference; lastKnownFileType = image.png; path = arrowTexture.png; sourceTree = "<group>"; };
		D97B7AAD1E13663E00B5116C /* bus@2x.png */ = {isa = PBXFileReference; lastKnownFileType = image.png; path = "bus@2x.png"; sourceTree = "<group>"; };
		D97B7AAE1E13663E00B5116C /* car@2x.png */ = {isa = PBXFileReference; lastKnownFileType = image.png; path = "car@2x.png"; sourceTree = "<group>"; };
		D97B7AAF1E13663E00B5116C /* compass@2x.png */ = {isa = PBXFileReference; lastKnownFileType = image.png; path = "compass@2x.png"; sourceTree = "<group>"; };
		D97B7AB01E13663E00B5116C /* custtexture.png */ = {isa = PBXFileReference; lastKnownFileType = image.png; path = custtexture.png; sourceTree = "<group>"; };
		D97B7AB11E13663E00B5116C /* custtexture_bad.png */ = {isa = PBXFileReference; lastKnownFileType = image.png; path = custtexture_bad.png; sourceTree = "<group>"; };
		D97B7AB21E13663E00B5116C /* custtexture_green.png */ = {isa = PBXFileReference; lastKnownFileType = image.png; path = custtexture_green.png; sourceTree = "<group>"; };
		D97B7AB31E13663E00B5116C /* custtexture_slow.png */ = {isa = PBXFileReference; lastKnownFileType = image.png; path = custtexture_slow.png; sourceTree = "<group>"; };
		D97B7AB41E13663E00B5116C /* decrease@2x.png */ = {isa = PBXFileReference; lastKnownFileType = image.png; path = "decrease@2x.png"; sourceTree = "<group>"; };
		D97B7AB51E13663E00B5116C /* delete@3x.png */ = {isa = PBXFileReference; lastKnownFileType = image.png; path = "delete@3x.png"; sourceTree = "<group>"; };
		D97B7AB71E13663E00B5116C /* busRoute@2x.png */ = {isa = PBXFileReference; lastKnownFileType = image.png; path = "busRoute@2x.png"; sourceTree = "<group>"; };
		D97B7AB81E13663E00B5116C /* busRoute@3x.png */ = {isa = PBXFileReference; lastKnownFileType = image.png; path = "busRoute@3x.png"; sourceTree = "<group>"; };
		D97B7AB91E13663E00B5116C /* dottedStraight@2x.png */ = {isa = PBXFileReference; lastKnownFileType = image.png; path = "dottedStraight@2x.png"; sourceTree = "<group>"; };
		D97B7ABA1E13663E00B5116C /* dottedStraight@3x.png */ = {isa = PBXFileReference; lastKnownFileType = image.png; path = "dottedStraight@3x.png"; sourceTree = "<group>"; };
		D97B7ABB1E13663E00B5116C /* downStairs@2x.png */ = {isa = PBXFileReference; lastKnownFileType = image.png; path = "downStairs@2x.png"; sourceTree = "<group>"; };
		D97B7ABC1E13663E00B5116C /* downStairs@3x.png */ = {isa = PBXFileReference; lastKnownFileType = image.png; path = "downStairs@3x.png"; sourceTree = "<group>"; };
		D97B7ABD1E13663E00B5116C /* end@2x.png */ = {isa = PBXFileReference; lastKnownFileType = image.png; path = "end@2x.png"; sourceTree = "<group>"; };
		D97B7ABE1E13663E00B5116C /* end@3x.png */ = {isa = PBXFileReference; lastKnownFileType = image.png; path = "end@3x.png"; sourceTree = "<group>"; };
		D97B7ABF1E13663E00B5116C /* left@2x.png */ = {isa = PBXFileReference; lastKnownFileType = image.png; path = "left@2x.png"; sourceTree = "<group>"; };
		D97B7AC01E13663E00B5116C /* left@3x.png */ = {isa = PBXFileReference; lastKnownFileType = image.png; path = "left@3x.png"; sourceTree = "<group>"; };
		D97B7AC11E13663E00B5116C /* leftFront@2x.png */ = {isa = PBXFileReference; lastKnownFileType = image.png; path = "leftFront@2x.png"; sourceTree = "<group>"; };
		D97B7AC21E13663E00B5116C /* leftFront@3x.png */ = {isa = PBXFileReference; lastKnownFileType = image.png; path = "leftFront@3x.png"; sourceTree = "<group>"; };
		D97B7AC31E13663E00B5116C /* leftRear@2x.png */ = {isa = PBXFileReference; lastKnownFileType = image.png; path = "leftRear@2x.png"; sourceTree = "<group>"; };
		D97B7AC41E13663E00B5116C /* leftRear@3x.png */ = {isa = PBXFileReference; lastKnownFileType = image.png; path = "leftRear@3x.png"; sourceTree = "<group>"; };
		D97B7AC51E13663E00B5116C /* lift@2x.png */ = {isa = PBXFileReference; lastKnownFileType = image.png; path = "lift@2x.png"; sourceTree = "<group>"; };
		D97B7AC61E13663E00B5116C /* lift@3x.png */ = {isa = PBXFileReference; lastKnownFileType = image.png; path = "lift@3x.png"; sourceTree = "<group>"; };
		D97B7AC71E13663E00B5116C /* pavement@2x.png */ = {isa = PBXFileReference; lastKnownFileType = image.png; path = "pavement@2x.png"; sourceTree = "<group>"; };
		D97B7AC81E13663E00B5116C /* pavement@3x.png */ = {isa = PBXFileReference; lastKnownFileType = image.png; path = "pavement@3x.png"; sourceTree = "<group>"; };
		D97B7AC91E13663E00B5116C /* point@2x.png */ = {isa = PBXFileReference; lastKnownFileType = image.png; path = "point@2x.png"; sourceTree = "<group>"; };
		D97B7ACA1E13663E00B5116C /* point@3x.png */ = {isa = PBXFileReference; lastKnownFileType = image.png; path = "point@3x.png"; sourceTree = "<group>"; };
		D97B7ACB1E13663E00B5116C /* right@2x.png */ = {isa = PBXFileReference; lastKnownFileType = image.png; path = "right@2x.png"; sourceTree = "<group>"; };
		D97B7ACC1E13663E00B5116C /* right@3x.png */ = {isa = PBXFileReference; lastKnownFileType = image.png; path = "right@3x.png"; sourceTree = "<group>"; };
		D97B7ACD1E13663E00B5116C /* rightFront@2x.png */ = {isa = PBXFileReference; lastKnownFileType = image.png; path = "rightFront@2x.png"; sourceTree = "<group>"; };
		D97B7ACE1E13663E00B5116C /* rightFront@3x.png */ = {isa = PBXFileReference; lastKnownFileType = image.png; path = "rightFront@3x.png"; sourceTree = "<group>"; };
		D97B7ACF1E13663E00B5116C /* rightRear@2x.png */ = {isa = PBXFileReference; lastKnownFileType = image.png; path = "rightRear@2x.png"; sourceTree = "<group>"; };
		D97B7AD01E13663E00B5116C /* rightRear@3x.png */ = {isa = PBXFileReference; lastKnownFileType = image.png; path = "rightRear@3x.png"; sourceTree = "<group>"; };
		D97B7AD11E13663E00B5116C /* start@2x.png */ = {isa = PBXFileReference; lastKnownFileType = image.png; path = "start@2x.png"; sourceTree = "<group>"; };
		D97B7AD21E13663E00B5116C /* start@3x.png */ = {isa = PBXFileReference; lastKnownFileType = image.png; path = "start@3x.png"; sourceTree = "<group>"; };
		D97B7AD31E13663E00B5116C /* straight@2x.png */ = {isa = PBXFileReference; lastKnownFileType = image.png; path = "straight@2x.png"; sourceTree = "<group>"; };
		D97B7AD41E13663E00B5116C /* straight@3x.png */ = {isa = PBXFileReference; lastKnownFileType = image.png; path = "straight@3x.png"; sourceTree = "<group>"; };
		D97B7AD51E13663E00B5116C /* underGround@2x.png */ = {isa = PBXFileReference; lastKnownFileType = image.png; path = "underGround@2x.png"; sourceTree = "<group>"; };
		D97B7AD61E13663E00B5116C /* underGround@3x.png */ = {isa = PBXFileReference; lastKnownFileType = image.png; path = "underGround@3x.png"; sourceTree = "<group>"; };
		D97B7AD71E13663E00B5116C /* upStairs@2x.png */ = {isa = PBXFileReference; lastKnownFileType = image.png; path = "upStairs@2x.png"; sourceTree = "<group>"; };
		D97B7AD81E13663E00B5116C /* upStairs@3x.png */ = {isa = PBXFileReference; lastKnownFileType = image.png; path = "upStairs@3x.png"; sourceTree = "<group>"; };
		D97B7AD91E13663E00B5116C /* walkRoute@2x.png */ = {isa = PBXFileReference; lastKnownFileType = image.png; path = "walkRoute@2x.png"; sourceTree = "<group>"; };
		D97B7ADA1E13663E00B5116C /* walkRoute@3x.png */ = {isa = PBXFileReference; lastKnownFileType = image.png; path = "walkRoute@3x.png"; sourceTree = "<group>"; };
		D97B7ADB1E13663E00B5116C /* download@3x.png */ = {isa = PBXFileReference; lastKnownFileType = image.png; path = "download@3x.png"; sourceTree = "<group>"; };
		D97B7ADC1E13663E00B5116C /* endPoint.png */ = {isa = PBXFileReference; lastKnownFileType = image.png; path = endPoint.png; sourceTree = "<group>"; };
		D97B7ADD1E13663E00B5116C /* endPoint@2x.png */ = {isa = PBXFileReference; lastKnownFileType = image.png; path = "endPoint@2x.png"; sourceTree = "<group>"; };
		D97B7ADE1E13663E00B5116C /* gpsStat1@2x.png */ = {isa = PBXFileReference; lastKnownFileType = image.png; path = "gpsStat1@2x.png"; sourceTree = "<group>"; };
		D97B7ADF1E13663E00B5116C /* gpsStat2@2x.png */ = {isa = PBXFileReference; lastKnownFileType = image.png; path = "gpsStat2@2x.png"; sourceTree = "<group>"; };
		D97B7AE01E13663E00B5116C /* GWF.png */ = {isa = PBXFileReference; lastKnownFileType = image.png; path = GWF.png; sourceTree = "<group>"; };
		D97B7AE11E13663E00B5116C /* hema.png */ = {isa = PBXFileReference; lastKnownFileType = image.png; path = hema.png; sourceTree = "<group>"; };
		D97B7AE31E13663E00B5116C /* icon-72.png */ = {isa = PBXFileReference; lastKnownFileType = image.png; path = "icon-72.png"; sourceTree = "<group>"; };
		D97B7AE41E13663E00B5116C /* icon-72@2x.png */ = {isa = PBXFileReference; lastKnownFileType = image.png; path = "icon-72@2x.png"; sourceTree = "<group>"; };
		D97B7AE51E13663E00B5116C /* icon.png */ = {isa = PBXFileReference; lastKnownFileType = image.png; path = icon.png; sourceTree = "<group>"; };
		D97B7AE61E13663E00B5116C /* icon@2x.png */ = {isa = PBXFileReference; lastKnownFileType = image.png; path = "icon@2x.png"; sourceTree = "<group>"; };
		D97B7AE71E13663E00B5116C /* increase@2x.png */ = {isa = PBXFileReference; lastKnownFileType = image.png; path = "increase@2x.png"; sourceTree = "<group>"; };
		D97B7AE81E13663E00B5116C /* locate@2x.png */ = {isa = PBXFileReference; lastKnownFileType = image.png; path = "locate@2x.png"; sourceTree = "<group>"; };
		D97B7AE91E13663E00B5116C /* man@2x.png */ = {isa = PBXFileReference; lastKnownFileType = image.png; path = "man@2x.png"; sourceTree = "<group>"; };
		D97B7AEA1E13663E00B5116C /* navi@2x.png */ = {isa = PBXFileReference; lastKnownFileType = image.png; path = "navi@2x.png"; sourceTree = "<group>"; };
		D97B7AEB1E13663E00B5116C /* naviBackgroundHighlighted.png */ = {isa = PBXFileReference; lastKnownFileType = image.png; path = naviBackgroundHighlighted.png; sourceTree = "<group>"; };
		D97B7AEC1E13663E00B5116C /* naviBackgroundNormal.png */ = {isa = PBXFileReference; lastKnownFileType = image.png; path = naviBackgroundNormal.png; sourceTree = "<group>"; };
		D97B7AED1E13663E00B5116C /* pause@3x.png */ = {isa = PBXFileReference; lastKnownFileType = image.png; path = "pause@3x.png"; sourceTree = "<group>"; };
		D97B7AEE1E13663E00B5116C /* public_button_back@2x.png */ = {isa = PBXFileReference; lastKnownFileType = image.png; path = "public_button_back@2x.png"; sourceTree = "<group>"; };
		D97B7AEF1E13663E00B5116C /* public_button_back@3x.png */ = {isa = PBXFileReference; lastKnownFileType = image.png; path = "public_button_back@3x.png"; sourceTree = "<group>"; };
		D97B7AF01E13663E00B5116C /* railway_station@2x.png */ = {isa = PBXFileReference; lastKnownFileType = image.png; path = "railway_station@2x.png"; sourceTree = "<group>"; };
		D97B7AF11E13663E00B5116C /* ride@2x.png */ = {isa = PBXFileReference; lastKnownFileType = image.png; path = "ride@2x.png"; sourceTree = "<group>"; };
		D97B7AF21E13663E00B5116C /* search@2x.png */ = {isa = PBXFileReference; lastKnownFileType = image.png; path = "search@2x.png"; sourceTree = "<group>"; };
		D97B7AF31E13663E00B5116C /* startPoint.png */ = {isa = PBXFileReference; lastKnownFileType = image.png; path = startPoint.png; sourceTree = "<group>"; };
		D97B7AF41E13663E00B5116C /* startPoint@2x.png */ = {isa = PBXFileReference; lastKnownFileType = image.png; path = "startPoint@2x.png"; sourceTree = "<group>"; };
		D97B7AF51E13663E00B5116C /* userPosition.png */ = {isa = PBXFileReference; lastKnownFileType = image.png; path = userPosition.png; sourceTree = "<group>"; };
		D97B7AF61E13663E00B5116C /* userPosition@2x.png */ = {isa = PBXFileReference; lastKnownFileType = image.png; path = "userPosition@2x.png"; sourceTree = "<group>"; };
		D97B7AF71E13663E00B5116C /* RoutePathDetailTableViewCell.h */ = {isa = PBXFileReference; fileEncoding = 4; lastKnownFileType = sourcecode.c.h; path = RoutePathDetailTableViewCell.h; sourceTree = "<group>"; };
		D97B7AF81E13663E00B5116C /* RoutePathDetailTableViewCell.m */ = {isa = PBXFileReference; fileEncoding = 4; lastKnownFileType = sourcecode.c.objc; path = RoutePathDetailTableViewCell.m; sourceTree = "<group>"; };
		D97B7AF91E13663E00B5116C /* RoutePathDetailTableViewCell.xib */ = {isa = PBXFileReference; fileEncoding = 4; lastKnownFileType = file.xib; path = RoutePathDetailTableViewCell.xib; sourceTree = "<group>"; };
		D97B7AFA1E13663E00B5116C /* RoutePathDetailViewController.h */ = {isa = PBXFileReference; fileEncoding = 4; lastKnownFileType = sourcecode.c.h; path = RoutePathDetailViewController.h; sourceTree = "<group>"; };
		D97B7AFB1E13663E00B5116C /* RoutePathDetailViewController.m */ = {isa = PBXFileReference; fileEncoding = 4; lastKnownFileType = sourcecode.c.objc; path = RoutePathDetailViewController.m; sourceTree = "<group>"; };
		D97B7AFC1E13663E00B5116C /* RoutePathDetailViewController.xib */ = {isa = PBXFileReference; fileEncoding = 4; lastKnownFileType = file.xib; path = RoutePathDetailViewController.xib; sourceTree = "<group>"; };
		D97B7AFE1E13663E00B5116C /* CommonUtility.h */ = {isa = PBXFileReference; fileEncoding = 4; lastKnownFileType = sourcecode.c.h; path = CommonUtility.h; sourceTree = "<group>"; };
		D97B7AFF1E13663E00B5116C /* CommonUtility.m */ = {isa = PBXFileReference; fileEncoding = 4; lastKnownFileType = sourcecode.c.objc; path = CommonUtility.m; sourceTree = "<group>"; };
/* End PBXFileReference section */

/* Begin PBXFrameworksBuildPhase section */
		D971B57C1E1E80CF00F726EF /* Frameworks */ = {
			isa = PBXFrameworksBuildPhase;
			buildActionMask = 2147483647;
			files = (
				6651B718D56C883D6DC8BA67 /* libPods-RideRoutePlanDemo-Swift.a in Frameworks */,
			);
			runOnlyForDeploymentPostprocessing = 0;
		};
		D971B6DC1E237D6900F726EF /* Frameworks */ = {
			isa = PBXFrameworksBuildPhase;
			buildActionMask = 2147483647;
			files = (
			);
			runOnlyForDeploymentPostprocessing = 0;
		};
		D97B7A811E1364A800B5116C /* Frameworks */ = {
			isa = PBXFrameworksBuildPhase;
			buildActionMask = 2147483647;
			files = (
				022206780AA464527B9BBB54 /* libPods-RideRoutePlanDemo.a in Frameworks */,
			);
			runOnlyForDeploymentPostprocessing = 0;
		};
/* End PBXFrameworksBuildPhase section */

/* Begin PBXGroup section */
		2D86AF3243CDE537B2D38F8D /* Frameworks */ = {
			isa = PBXGroup;
			children = (
				4B4DD4193FF3DD8EC47283BA /* libPods-RideRoutePlanDemo.a */,
				9E582EF786BE10EEC25B99BB /* libPods-RideRoutePlanDemo-Swift.a */,
			);
			name = Frameworks;
			sourceTree = "<group>";
		};
		92FCD9BF5B668D4B5ACCC307 /* Pods */ = {
			isa = PBXGroup;
			children = (
				A01E9535400EDDB54DC7E799 /* Pods-RideRoutePlanDemo.debug.xcconfig */,
				1DB2FA850E0F5D71DD0558DB /* Pods-RideRoutePlanDemo.release.xcconfig */,
				5003E9A47AEE2B2322944169 /* Pods-RideRoutePlanDemo-Swift.debug.xcconfig */,
				429D8722635CC2ACC15E9494 /* Pods-RideRoutePlanDemo-Swift.release.xcconfig */,
			);
			name = Pods;
			sourceTree = "<group>";
		};
		D971B5801E1E80CF00F726EF /* RideRoutePlanDemo-Swift */ = {
			isa = PBXGroup;
			children = (
				D971B5811E1E80CF00F726EF /* AppDelegate.swift */,
				D971B5851E1E80CF00F726EF /* Main.storyboard */,
				D971B5911E1E824200F726EF /* RootViewController.swift */,
				D971B5921E1E824200F726EF /* RoutePathDetailTableViewCell.swift */,
				D971B5931E1E824200F726EF /* RoutePathDetailTableViewCell.xib */,
				D971B5941E1E824200F726EF /* RoutePathDetailViewController.swift */,
				D971B5951E1E824200F726EF /* RoutePathDetailViewController.xib */,
				D971B5961E1E824200F726EF /* Swift-Bridging-Header.h */,
				D971B5881E1E80CF00F726EF /* Assets.xcassets */,
				D971B58A1E1E80CF00F726EF /* LaunchScreen.storyboard */,
				D971B58D1E1E80CF00F726EF /* Info.plist */,
			);
			path = "RideRoutePlanDemo-Swift";
			sourceTree = "<group>";
		};
		D971B6E01E237D6900F726EF /* RideRoutePlanDemoUITests */ = {
			isa = PBXGroup;
			children = (
				D971B6E11E237D6900F726EF /* RideRoutePlanDemoUITests.m */,
				D971B6E31E237D6900F726EF /* Info.plist */,
			);
			path = RideRoutePlanDemoUITests;
			sourceTree = "<group>";
		};
		D97B7A7B1E1364A800B5116C = {
			isa = PBXGroup;
			children = (
				D97B7A861E1364A800B5116C /* RideRoutePlanDemo */,
				D971B5801E1E80CF00F726EF /* RideRoutePlanDemo-Swift */,
				D971B6E01E237D6900F726EF /* RideRoutePlanDemoUITests */,
				D97B7A851E1364A800B5116C /* Products */,
				92FCD9BF5B668D4B5ACCC307 /* Pods */,
				2D86AF3243CDE537B2D38F8D /* Frameworks */,
			);
			sourceTree = "<group>";
		};
		D97B7A851E1364A800B5116C /* Products */ = {
			isa = PBXGroup;
			children = (
				D97B7A841E1364A800B5116C /* RideRoutePlanDemo.app */,
				D971B57F1E1E80CF00F726EF /* RideRoutePlanDemo-Swift.app */,
				D971B6DF1E237D6900F726EF /* RideRoutePlanDemoUITests.xctest */,
			);
			name = Products;
			sourceTree = "<group>";
		};
		D97B7A861E1364A800B5116C /* RideRoutePlanDemo */ = {
			isa = PBXGroup;
			children = (
				D97B7A8A1E1364A800B5116C /* AppDelegate.h */,
				D97B7A8B1E1364A800B5116C /* AppDelegate.m */,
				D97B7A8D1E1364A800B5116C /* ViewController.h */,
				D97B7A8E1E1364A800B5116C /* ViewController.m */,
				D97B7AF71E13663E00B5116C /* RoutePathDetailTableViewCell.h */,
				D97B7AF81E13663E00B5116C /* RoutePathDetailTableViewCell.m */,
				D97B7AF91E13663E00B5116C /* RoutePathDetailTableViewCell.xib */,
				D97B7AFA1E13663E00B5116C /* RoutePathDetailViewController.h */,
				D97B7AFB1E13663E00B5116C /* RoutePathDetailViewController.m */,
				D97B7AFC1E13663E00B5116C /* RoutePathDetailViewController.xib */,
				D97B7A901E1364A800B5116C /* Main.storyboard */,
				D97B7A9E1E13663E00B5116C /* APIKey.h */,
				D97B7A9F1E13663E00B5116C /* model */,
				D97B7AA81E13663E00B5116C /* Resources */,
				D97B7AFD1E13663E00B5116C /* Utility */,
				D97B7A931E1364A800B5116C /* Assets.xcassets */,
				D97B7A951E1364A800B5116C /* LaunchScreen.storyboard */,
				D97B7A981E1364A800B5116C /* Info.plist */,
				D97B7A871E1364A800B5116C /* Supporting Files */,
			);
			path = RideRoutePlanDemo;
			sourceTree = "<group>";
		};
		D97B7A871E1364A800B5116C /* Supporting Files */ = {
			isa = PBXGroup;
			children = (
				D97B7A881E1364A800B5116C /* main.m */,
			);
			name = "Supporting Files";
			sourceTree = "<group>";
		};
		D97B7A9F1E13663E00B5116C /* model */ = {
			isa = PBXGroup;
			children = (
				D97B7AA01E13663E00B5116C /* LineDashPolyline.h */,
				D97B7AA11E13663E00B5116C /* LineDashPolyline.m */,
				D97B7AA21E13663E00B5116C /* MANaviAnnotation.h */,
				D97B7AA31E13663E00B5116C /* MANaviAnnotation.m */,
				D97B7AA41E13663E00B5116C /* MANaviPolyline.h */,
				D97B7AA51E13663E00B5116C /* MANaviPolyline.m */,
				D97B7AA61E13663E00B5116C /* MANaviRoute.h */,
				D97B7AA71E13663E00B5116C /* MANaviRoute.m */,
			);
			path = model;
			sourceTree = "<group>";
		};
		D97B7AA81E13663E00B5116C /* Resources */ = {
			isa = PBXGroup;
			children = (
				D97B7AA91E13663E00B5116C /* Images */,
			);
			path = Resources;
			sourceTree = "<group>";
		};
		D97B7AA91E13663E00B5116C /* Images */ = {
			isa = PBXGroup;
			children = (
				D97B7AAA1E13663E00B5116C /* arrow_right.png */,
				D97B7AAB1E13663E00B5116C /* arrow_right@2x.png */,
				D97B7AAC1E13663E00B5116C /* arrowTexture.png */,
				D97B7AAD1E13663E00B5116C /* bus@2x.png */,
				D97B7AAE1E13663E00B5116C /* car@2x.png */,
				D97B7AAF1E13663E00B5116C /* compass@2x.png */,
				D97B7AB01E13663E00B5116C /* custtexture.png */,
				D97B7AB11E13663E00B5116C /* custtexture_bad.png */,
				D97B7AB21E13663E00B5116C /* custtexture_green.png */,
				D97B7AB31E13663E00B5116C /* custtexture_slow.png */,
				D97B7AB41E13663E00B5116C /* decrease@2x.png */,
				D97B7AB51E13663E00B5116C /* delete@3x.png */,
				D97B7AB61E13663E00B5116C /* direction_icon */,
				D97B7ADB1E13663E00B5116C /* download@3x.png */,
				D97B7ADC1E13663E00B5116C /* endPoint.png */,
				D97B7ADD1E13663E00B5116C /* endPoint@2x.png */,
				D97B7ADE1E13663E00B5116C /* gpsStat1@2x.png */,
				D97B7ADF1E13663E00B5116C /* gpsStat2@2x.png */,
				D97B7AE01E13663E00B5116C /* GWF.png */,
				D97B7AE11E13663E00B5116C /* hema.png */,
				D97B7AE21E13663E00B5116C /* icon */,
				D97B7AE71E13663E00B5116C /* increase@2x.png */,
				D97B7AE81E13663E00B5116C /* locate@2x.png */,
				D97B7AE91E13663E00B5116C /* man@2x.png */,
				D97B7AEA1E13663E00B5116C /* navi@2x.png */,
				D97B7AEB1E13663E00B5116C /* naviBackgroundHighlighted.png */,
				D97B7AEC1E13663E00B5116C /* naviBackgroundNormal.png */,
				D97B7AED1E13663E00B5116C /* pause@3x.png */,
				D97B7AEE1E13663E00B5116C /* public_button_back@2x.png */,
				D97B7AEF1E13663E00B5116C /* public_button_back@3x.png */,
				D97B7AF01E13663E00B5116C /* railway_station@2x.png */,
				D97B7AF11E13663E00B5116C /* ride@2x.png */,
				D97B7AF21E13663E00B5116C /* search@2x.png */,
				D97B7AF31E13663E00B5116C /* startPoint.png */,
				D97B7AF41E13663E00B5116C /* startPoint@2x.png */,
				D97B7AF51E13663E00B5116C /* userPosition.png */,
				D97B7AF61E13663E00B5116C /* userPosition@2x.png */,
			);
			path = Images;
			sourceTree = "<group>";
		};
		D97B7AB61E13663E00B5116C /* direction_icon */ = {
			isa = PBXGroup;
			children = (
				D97B7AB71E13663E00B5116C /* busRoute@2x.png */,
				D97B7AB81E13663E00B5116C /* busRoute@3x.png */,
				D97B7AB91E13663E00B5116C /* dottedStraight@2x.png */,
				D97B7ABA1E13663E00B5116C /* dottedStraight@3x.png */,
				D97B7ABB1E13663E00B5116C /* downStairs@2x.png */,
				D97B7ABC1E13663E00B5116C /* downStairs@3x.png */,
				D97B7ABD1E13663E00B5116C /* end@2x.png */,
				D97B7ABE1E13663E00B5116C /* end@3x.png */,
				D97B7ABF1E13663E00B5116C /* left@2x.png */,
				D97B7AC01E13663E00B5116C /* left@3x.png */,
				D97B7AC11E13663E00B5116C /* leftFront@2x.png */,
				D97B7AC21E13663E00B5116C /* leftFront@3x.png */,
				D97B7AC31E13663E00B5116C /* leftRear@2x.png */,
				D97B7AC41E13663E00B5116C /* leftRear@3x.png */,
				D97B7AC51E13663E00B5116C /* lift@2x.png */,
				D97B7AC61E13663E00B5116C /* lift@3x.png */,
				D97B7AC71E13663E00B5116C /* pavement@2x.png */,
				D97B7AC81E13663E00B5116C /* pavement@3x.png */,
				D97B7AC91E13663E00B5116C /* point@2x.png */,
				D97B7ACA1E13663E00B5116C /* point@3x.png */,
				D97B7ACB1E13663E00B5116C /* right@2x.png */,
				D97B7ACC1E13663E00B5116C /* right@3x.png */,
				D97B7ACD1E13663E00B5116C /* rightFront@2x.png */,
				D97B7ACE1E13663E00B5116C /* rightFront@3x.png */,
				D97B7ACF1E13663E00B5116C /* rightRear@2x.png */,
				D97B7AD01E13663E00B5116C /* rightRear@3x.png */,
				D97B7AD11E13663E00B5116C /* start@2x.png */,
				D97B7AD21E13663E00B5116C /* start@3x.png */,
				D97B7AD31E13663E00B5116C /* straight@2x.png */,
				D97B7AD41E13663E00B5116C /* straight@3x.png */,
				D97B7AD51E13663E00B5116C /* underGround@2x.png */,
				D97B7AD61E13663E00B5116C /* underGround@3x.png */,
				D97B7AD71E13663E00B5116C /* upStairs@2x.png */,
				D97B7AD81E13663E00B5116C /* upStairs@3x.png */,
				D97B7AD91E13663E00B5116C /* walkRoute@2x.png */,
				D97B7ADA1E13663E00B5116C /* walkRoute@3x.png */,
			);
			path = direction_icon;
			sourceTree = "<group>";
		};
		D97B7AE21E13663E00B5116C /* icon */ = {
			isa = PBXGroup;
			children = (
				D97B7AE31E13663E00B5116C /* icon-72.png */,
				D97B7AE41E13663E00B5116C /* icon-72@2x.png */,
				D97B7AE51E13663E00B5116C /* icon.png */,
				D97B7AE61E13663E00B5116C /* icon@2x.png */,
			);
			path = icon;
			sourceTree = "<group>";
		};
		D97B7AFD1E13663E00B5116C /* Utility */ = {
			isa = PBXGroup;
			children = (
				D97B7AFE1E13663E00B5116C /* CommonUtility.h */,
				D97B7AFF1E13663E00B5116C /* CommonUtility.m */,
			);
			path = Utility;
			sourceTree = "<group>";
		};
/* End PBXGroup section */

/* Begin PBXNativeTarget section */
		D971B57E1E1E80CF00F726EF /* RideRoutePlanDemo-Swift */ = {
			isa = PBXNativeTarget;
			buildConfigurationList = D971B5901E1E80CF00F726EF /* Build configuration list for PBXNativeTarget "RideRoutePlanDemo-Swift" */;
			buildPhases = (
				D56695750C36B906035C8292 /* [CP] Check Pods Manifest.lock */,
				D971B57B1E1E80CF00F726EF /* Sources */,
				D971B57C1E1E80CF00F726EF /* Frameworks */,
				D971B57D1E1E80CF00F726EF /* Resources */,
				48024D0BFF26E05E5B627CFF /* [CP] Embed Pods Frameworks */,
				77489B41F4CB5EF8A1132343 /* [CP] Copy Pods Resources */,
			);
			buildRules = (
			);
			dependencies = (
			);
			name = "RideRoutePlanDemo-Swift";
			productName = "RideRoutePlanDemo-Swift";
			productReference = D971B57F1E1E80CF00F726EF /* RideRoutePlanDemo-Swift.app */;
			productType = "com.apple.product-type.application";
		};
		D971B6DE1E237D6900F726EF /* RideRoutePlanDemoUITests */ = {
			isa = PBXNativeTarget;
			buildConfigurationList = D971B6E81E237D6900F726EF /* Build configuration list for PBXNativeTarget "RideRoutePlanDemoUITests" */;
			buildPhases = (
				D971B6DB1E237D6900F726EF /* Sources */,
				D971B6DC1E237D6900F726EF /* Frameworks */,
				D971B6DD1E237D6900F726EF /* Resources */,
			);
			buildRules = (
			);
			dependencies = (
				D971B6E51E237D6900F726EF /* PBXTargetDependency */,
			);
			name = RideRoutePlanDemoUITests;
			productName = RideRoutePlanDemoUITests;
			productReference = D971B6DF1E237D6900F726EF /* RideRoutePlanDemoUITests.xctest */;
			productType = "com.apple.product-type.bundle.ui-testing";
		};
		D97B7A831E1364A800B5116C /* RideRoutePlanDemo */ = {
			isa = PBXNativeTarget;
			buildConfigurationList = D97B7A9B1E1364A800B5116C /* Build configuration list for PBXNativeTarget "RideRoutePlanDemo" */;
			buildPhases = (
				DE4011119C16E51DBB508271 /* [CP] Check Pods Manifest.lock */,
				D97B7A801E1364A800B5116C /* Sources */,
				D97B7A811E1364A800B5116C /* Frameworks */,
				D97B7A821E1364A800B5116C /* Resources */,
				8429393E0D993DE8E3341810 /* [CP] Embed Pods Frameworks */,
				07A7DFB00B40E20F49D58614 /* [CP] Copy Pods Resources */,
			);
			buildRules = (
			);
			dependencies = (
			);
			name = RideRoutePlanDemo;
			productName = RideRoutePlanDemo;
			productReference = D97B7A841E1364A800B5116C /* RideRoutePlanDemo.app */;
			productType = "com.apple.product-type.application";
		};
/* End PBXNativeTarget section */

/* Begin PBXProject section */
		D97B7A7C1E1364A800B5116C /* Project object */ = {
			isa = PBXProject;
			attributes = {
				LastSwiftUpdateCheck = 0820;
				LastUpgradeCheck = 0820;
				ORGANIZATIONNAME = Amap;
				TargetAttributes = {
					D971B57E1E1E80CF00F726EF = {
						CreatedOnToolsVersion = 8.2;
						DevelopmentTeam = YMJ372W38W;
						ProvisioningStyle = Manual;
					};
					D971B6DE1E237D6900F726EF = {
						CreatedOnToolsVersion = 8.2;
						DevelopmentTeam = YMJ372W38W;
						ProvisioningStyle = Manual;
						TestTargetID = D97B7A831E1364A800B5116C;
					};
					D97B7A831E1364A800B5116C = {
						CreatedOnToolsVersion = 8.2;
						DevelopmentTeam = YMJ372W38W;
						ProvisioningStyle = Manual;
					};
				};
			};
			buildConfigurationList = D97B7A7F1E1364A800B5116C /* Build configuration list for PBXProject "RideRoutePlanDemo" */;
			compatibilityVersion = "Xcode 3.2";
			developmentRegion = English;
			hasScannedForEncodings = 0;
			knownRegions = (
				en,
				Base,
			);
			mainGroup = D97B7A7B1E1364A800B5116C;
			productRefGroup = D97B7A851E1364A800B5116C /* Products */;
			projectDirPath = "";
			projectRoot = "";
			targets = (
				D97B7A831E1364A800B5116C /* RideRoutePlanDemo */,
				D971B57E1E1E80CF00F726EF /* RideRoutePlanDemo-Swift */,
				D971B6DE1E237D6900F726EF /* RideRoutePlanDemoUITests */,
			);
		};
/* End PBXProject section */

/* Begin PBXResourcesBuildPhase section */
		D971B57D1E1E80CF00F726EF /* Resources */ = {
			isa = PBXResourcesBuildPhase;
			buildActionMask = 2147483647;
			files = (
				D971B5A11E1E82EA00F726EF /* arrow_right.png in Resources */,
				D971B5A21E1E82EA00F726EF /* arrow_right@2x.png in Resources */,
				D971B5A31E1E82EA00F726EF /* arrowTexture.png in Resources */,
				D971B5A41E1E82EA00F726EF /* bus@2x.png in Resources */,
				D971B5A51E1E82EA00F726EF /* car@2x.png in Resources */,
				D971B5A61E1E82EA00F726EF /* compass@2x.png in Resources */,
				D971B5A71E1E82EA00F726EF /* custtexture.png in Resources */,
				D971B5A81E1E82EA00F726EF /* custtexture_bad.png in Resources */,
				D971B5A91E1E82EA00F726EF /* custtexture_green.png in Resources */,
				D971B5AA1E1E82EA00F726EF /* custtexture_slow.png in Resources */,
				D971B5AB1E1E82EA00F726EF /* decrease@2x.png in Resources */,
				D971B5AC1E1E82EA00F726EF /* delete@3x.png in Resources */,
				D971B5AD1E1E82EA00F726EF /* busRoute@2x.png in Resources */,
				D971B5AE1E1E82EA00F726EF /* busRoute@3x.png in Resources */,
				D971B5AF1E1E82EA00F726EF /* dottedStraight@2x.png in Resources */,
				D971B5B01E1E82EA00F726EF /* dottedStraight@3x.png in Resources */,
				D971B5B11E1E82EA00F726EF /* downStairs@2x.png in Resources */,
				D971B5B21E1E82EA00F726EF /* downStairs@3x.png in Resources */,
				D971B5B31E1E82EA00F726EF /* end@2x.png in Resources */,
				D971B5B41E1E82EA00F726EF /* end@3x.png in Resources */,
				D971B5B51E1E82EA00F726EF /* left@2x.png in Resources */,
				D971B5B61E1E82EA00F726EF /* left@3x.png in Resources */,
				D971B5B71E1E82EA00F726EF /* leftFront@2x.png in Resources */,
				D971B5B81E1E82EA00F726EF /* leftFront@3x.png in Resources */,
				D971B5B91E1E82EA00F726EF /* leftRear@2x.png in Resources */,
				D971B5BA1E1E82EA00F726EF /* leftRear@3x.png in Resources */,
				D971B5BB1E1E82EA00F726EF /* lift@2x.png in Resources */,
				D971B5BC1E1E82EA00F726EF /* lift@3x.png in Resources */,
				D971B5BD1E1E82EA00F726EF /* pavement@2x.png in Resources */,
				D971B5BE1E1E82EA00F726EF /* pavement@3x.png in Resources */,
				D971B5BF1E1E82EA00F726EF /* point@2x.png in Resources */,
				D971B5C01E1E82EA00F726EF /* point@3x.png in Resources */,
				D971B5C11E1E82EA00F726EF /* right@2x.png in Resources */,
				D971B5C21E1E82EA00F726EF /* right@3x.png in Resources */,
				D971B5C31E1E82EA00F726EF /* rightFront@2x.png in Resources */,
				D971B5C41E1E82EA00F726EF /* rightFront@3x.png in Resources */,
				D971B5C51E1E82EA00F726EF /* rightRear@2x.png in Resources */,
				D971B5C61E1E82EA00F726EF /* rightRear@3x.png in Resources */,
				D971B5C71E1E82EA00F726EF /* start@2x.png in Resources */,
				D971B5C81E1E82EA00F726EF /* start@3x.png in Resources */,
				D971B5C91E1E82EA00F726EF /* straight@2x.png in Resources */,
				D971B5CA1E1E82EA00F726EF /* straight@3x.png in Resources */,
				D971B5CB1E1E82EA00F726EF /* underGround@2x.png in Resources */,
				D971B5CC1E1E82EA00F726EF /* underGround@3x.png in Resources */,
				D971B5CD1E1E82EA00F726EF /* upStairs@2x.png in Resources */,
				D971B5CE1E1E82EA00F726EF /* upStairs@3x.png in Resources */,
				D971B5CF1E1E82EA00F726EF /* walkRoute@2x.png in Resources */,
				D971B5D01E1E82EA00F726EF /* walkRoute@3x.png in Resources */,
				D971B5D11E1E82EA00F726EF /* download@3x.png in Resources */,
				D971B5D21E1E82EA00F726EF /* endPoint.png in Resources */,
				D971B5D31E1E82EA00F726EF /* endPoint@2x.png in Resources */,
				D971B5D41E1E82EA00F726EF /* gpsStat1@2x.png in Resources */,
				D971B5D51E1E82EA00F726EF /* gpsStat2@2x.png in Resources */,
				D971B5D61E1E82EA00F726EF /* GWF.png in Resources */,
				D971B5D71E1E82EA00F726EF /* hema.png in Resources */,
				D971B5D81E1E82EA00F726EF /* icon-72.png in Resources */,
				D971B5D91E1E82EA00F726EF /* icon-72@2x.png in Resources */,
				D971B5DA1E1E82EA00F726EF /* icon.png in Resources */,
				D971B5DB1E1E82EA00F726EF /* icon@2x.png in Resources */,
				D971B5DC1E1E82EA00F726EF /* increase@2x.png in Resources */,
				D971B5DD1E1E82EA00F726EF /* locate@2x.png in Resources */,
				D971B5DE1E1E82EA00F726EF /* man@2x.png in Resources */,
				D971B5DF1E1E82EA00F726EF /* navi@2x.png in Resources */,
				D971B5E01E1E82EA00F726EF /* naviBackgroundHighlighted.png in Resources */,
				D971B5E11E1E82EA00F726EF /* naviBackgroundNormal.png in Resources */,
				D971B5E21E1E82EA00F726EF /* pause@3x.png in Resources */,
				D971B5E31E1E82EA00F726EF /* public_button_back@2x.png in Resources */,
				D971B5E41E1E82EA00F726EF /* public_button_back@3x.png in Resources */,
				D971B5E51E1E82EA00F726EF /* railway_station@2x.png in Resources */,
				D971B5E61E1E82EA00F726EF /* ride@2x.png in Resources */,
				D971B5E71E1E82EA00F726EF /* search@2x.png in Resources */,
				D971B5E81E1E82EA00F726EF /* startPoint.png in Resources */,
				D971B5E91E1E82EA00F726EF /* startPoint@2x.png in Resources */,
				D971B5EA1E1E82EA00F726EF /* userPosition.png in Resources */,
				D971B5EB1E1E82EA00F726EF /* userPosition@2x.png in Resources */,
				D971B59B1E1E824200F726EF /* RoutePathDetailViewController.xib in Resources */,
				D971B58C1E1E80CF00F726EF /* LaunchScreen.storyboard in Resources */,
				D971B5891E1E80CF00F726EF /* Assets.xcassets in Resources */,
				D971B5991E1E824200F726EF /* RoutePathDetailTableViewCell.xib in Resources */,
				D971B5871E1E80CF00F726EF /* Main.storyboard in Resources */,
			);
			runOnlyForDeploymentPostprocessing = 0;
		};
		D971B6DD1E237D6900F726EF /* Resources */ = {
			isa = PBXResourcesBuildPhase;
			buildActionMask = 2147483647;
			files = (
			);
			runOnlyForDeploymentPostprocessing = 0;
		};
		D97B7A821E1364A800B5116C /* Resources */ = {
			isa = PBXResourcesBuildPhase;
			buildActionMask = 2147483647;
			files = (
				D97B7B521E13663E00B5116C /* RoutePathDetailViewController.xib in Resources */,
				D97B7B271E13663E00B5116C /* rightFront@3x.png in Resources */,
				D97B7B341E13663E00B5116C /* download@3x.png in Resources */,
				D97B7B311E13663E00B5116C /* upStairs@3x.png in Resources */,
				D97B7B051E13663E00B5116C /* arrow_right@2x.png in Resources */,
				D97B7B4A1E13663E00B5116C /* search@2x.png in Resources */,
				D97B7B0F1E13663E00B5116C /* delete@3x.png in Resources */,
				D97B7B061E13663E00B5116C /* arrowTexture.png in Resources */,
				D97B7B1A1E13663E00B5116C /* leftFront@2x.png in Resources */,
				D97B7B091E13663E00B5116C /* compass@2x.png in Resources */,
				D97B7B151E13663E00B5116C /* downStairs@3x.png in Resources */,
				D97B7A971E1364A800B5116C /* LaunchScreen.storyboard in Resources */,
				D97B7B441E13663E00B5116C /* naviBackgroundNormal.png in Resources */,
				D97B7B101E13663E00B5116C /* busRoute@2x.png in Resources */,
				D97B7B1D1E13663E00B5116C /* leftRear@3x.png in Resources */,
				D97B7B4E1E13663E00B5116C /* userPosition@2x.png in Resources */,
				D97B7B4D1E13663E00B5116C /* userPosition.png in Resources */,
				D97B7B2E1E13663E00B5116C /* underGround@2x.png in Resources */,
				D97B7B131E13663E00B5116C /* dottedStraight@3x.png in Resources */,
				D97B7B0B1E13663E00B5116C /* custtexture_bad.png in Resources */,
				D97B7B241E13663E00B5116C /* right@2x.png in Resources */,
				D97B7B3A1E13663E00B5116C /* hema.png in Resources */,
				D97B7A941E1364A800B5116C /* Assets.xcassets in Resources */,
				D97B7B201E13663E00B5116C /* pavement@2x.png in Resources */,
				D97B7B211E13663E00B5116C /* pavement@3x.png in Resources */,
				D97B7B431E13663E00B5116C /* naviBackgroundHighlighted.png in Resources */,
				D97B7B2D1E13663E00B5116C /* straight@3x.png in Resources */,
				D97B7B381E13663E00B5116C /* gpsStat2@2x.png in Resources */,
				D97B7B3C1E13663E00B5116C /* icon-72@2x.png in Resources */,
				D97B7B191E13663E00B5116C /* left@3x.png in Resources */,
				D97B7B111E13663E00B5116C /* busRoute@3x.png in Resources */,
				D97B7B2C1E13663E00B5116C /* straight@2x.png in Resources */,
				D97B7B2B1E13663E00B5116C /* start@3x.png in Resources */,
				D97B7B4B1E13663E00B5116C /* startPoint.png in Resources */,
				D97B7B1C1E13663E00B5116C /* leftRear@2x.png in Resources */,
				D97B7B301E13663E00B5116C /* upStairs@2x.png in Resources */,
				D97B7B321E13663E00B5116C /* walkRoute@2x.png in Resources */,
				D97B7B4C1E13663E00B5116C /* startPoint@2x.png in Resources */,
				D97B7B181E13663E00B5116C /* left@2x.png in Resources */,
				D97B7B1B1E13663E00B5116C /* leftFront@3x.png in Resources */,
				D97B7B2A1E13663E00B5116C /* start@2x.png in Resources */,
				D97B7B491E13663E00B5116C /* ride@2x.png in Resources */,
				D97B7B171E13663E00B5116C /* end@3x.png in Resources */,
				D97B7B401E13663E00B5116C /* locate@2x.png in Resources */,
				D97B7B0E1E13663E00B5116C /* decrease@2x.png in Resources */,
				D97B7B3B1E13663E00B5116C /* icon-72.png in Resources */,
				D97B7B291E13663E00B5116C /* rightRear@3x.png in Resources */,
				D97B7B071E13663E00B5116C /* bus@2x.png in Resources */,
				D97B7B261E13663E00B5116C /* rightFront@2x.png in Resources */,
				D97B7B3F1E13663E00B5116C /* increase@2x.png in Resources */,
				D97B7B141E13663E00B5116C /* downStairs@2x.png in Resources */,
				D97B7B1E1E13663E00B5116C /* lift@2x.png in Resources */,
				D97B7B3E1E13663E00B5116C /* icon@2x.png in Resources */,
				D97B7B351E13663E00B5116C /* endPoint.png in Resources */,
				D97B7B161E13663E00B5116C /* end@2x.png in Resources */,
				D97B7B421E13663E00B5116C /* navi@2x.png in Resources */,
				D97B7B081E13663E00B5116C /* car@2x.png in Resources */,
				D97B7B251E13663E00B5116C /* right@3x.png in Resources */,
				D97B7B1F1E13663E00B5116C /* lift@3x.png in Resources */,
				D97B7B0C1E13663E00B5116C /* custtexture_green.png in Resources */,
				D97B7B041E13663E00B5116C /* arrow_right.png in Resources */,
				D97B7B0A1E13663E00B5116C /* custtexture.png in Resources */,
				D97B7B501E13663E00B5116C /* RoutePathDetailTableViewCell.xib in Resources */,
				D97B7A921E1364A800B5116C /* Main.storyboard in Resources */,
				D97B7B371E13663E00B5116C /* gpsStat1@2x.png in Resources */,
				D97B7B221E13663E00B5116C /* point@2x.png in Resources */,
				D97B7B451E13663E00B5116C /* pause@3x.png in Resources */,
				D97B7B121E13663E00B5116C /* dottedStraight@2x.png in Resources */,
				D97B7B411E13663E00B5116C /* man@2x.png in Resources */,
				D97B7B471E13663E00B5116C /* public_button_back@3x.png in Resources */,
				D97B7B331E13663E00B5116C /* walkRoute@3x.png in Resources */,
				D97B7B361E13663E00B5116C /* endPoint@2x.png in Resources */,
				D97B7B281E13663E00B5116C /* rightRear@2x.png in Resources */,
				D97B7B2F1E13663E00B5116C /* underGround@3x.png in Resources */,
				D97B7B391E13663E00B5116C /* GWF.png in Resources */,
				D97B7B461E13663E00B5116C /* public_button_back@2x.png in Resources */,
				D97B7B231E13663E00B5116C /* point@3x.png in Resources */,
				D97B7B481E13663E00B5116C /* railway_station@2x.png in Resources */,
				D97B7B0D1E13663E00B5116C /* custtexture_slow.png in Resources */,
				D97B7B3D1E13663E00B5116C /* icon.png in Resources */,
			);
			runOnlyForDeploymentPostprocessing = 0;
		};
/* End PBXResourcesBuildPhase section */

/* Begin PBXShellScriptBuildPhase section */
		07A7DFB00B40E20F49D58614 /* [CP] Copy Pods Resources */ = {
			isa = PBXShellScriptBuildPhase;
			buildActionMask = 2147483647;
			files = (
			);
			inputPaths = (
			);
			name = "[CP] Copy Pods Resources";
			outputPaths = (
			);
			runOnlyForDeploymentPostprocessing = 0;
			shellPath = /bin/sh;
			shellScript = "\"${SRCROOT}/Pods/Target Support Files/Pods-RideRoutePlanDemo/Pods-RideRoutePlanDemo-resources.sh\"\n";
			showEnvVarsInLog = 0;
		};
		48024D0BFF26E05E5B627CFF /* [CP] Embed Pods Frameworks */ = {
			isa = PBXShellScriptBuildPhase;
			buildActionMask = 2147483647;
			files = (
			);
			inputPaths = (
			);
			name = "[CP] Embed Pods Frameworks";
			outputPaths = (
			);
			runOnlyForDeploymentPostprocessing = 0;
			shellPath = /bin/sh;
			shellScript = "\"${SRCROOT}/Pods/Target Support Files/Pods-RideRoutePlanDemo-Swift/Pods-RideRoutePlanDemo-Swift-frameworks.sh\"\n";
			showEnvVarsInLog = 0;
		};
		77489B41F4CB5EF8A1132343 /* [CP] Copy Pods Resources */ = {
			isa = PBXShellScriptBuildPhase;
			buildActionMask = 2147483647;
			files = (
			);
			inputPaths = (
			);
			name = "[CP] Copy Pods Resources";
			outputPaths = (
			);
			runOnlyForDeploymentPostprocessing = 0;
			shellPath = /bin/sh;
			shellScript = "\"${SRCROOT}/Pods/Target Support Files/Pods-RideRoutePlanDemo-Swift/Pods-RideRoutePlanDemo-Swift-resources.sh\"\n";
			showEnvVarsInLog = 0;
		};
		8429393E0D993DE8E3341810 /* [CP] Embed Pods Frameworks */ = {
			isa = PBXShellScriptBuildPhase;
			buildActionMask = 2147483647;
			files = (
			);
			inputPaths = (
			);
			name = "[CP] Embed Pods Frameworks";
			outputPaths = (
			);
			runOnlyForDeploymentPostprocessing = 0;
			shellPath = /bin/sh;
			shellScript = "\"${SRCROOT}/Pods/Target Support Files/Pods-RideRoutePlanDemo/Pods-RideRoutePlanDemo-frameworks.sh\"\n";
			showEnvVarsInLog = 0;
		};
		D56695750C36B906035C8292 /* [CP] Check Pods Manifest.lock */ = {
			isa = PBXShellScriptBuildPhase;
			buildActionMask = 2147483647;
			files = (
			);
			inputPaths = (
			);
			name = "[CP] Check Pods Manifest.lock";
			outputPaths = (
			);
			runOnlyForDeploymentPostprocessing = 0;
			shellPath = /bin/sh;
			shellScript = "diff \"${PODS_PODFILE_DIR_PATH}/Podfile.lock\" \"${PODS_ROOT}/Manifest.lock\" > /dev/null\nif [ $? != 0 ] ; then\n    # print error to STDERR\n    echo \"error: The sandbox is not in sync with the Podfile.lock. Run 'pod install' or update your CocoaPods installation.\" >&2\n    exit 1\nfi\n";
			showEnvVarsInLog = 0;
		};
		DE4011119C16E51DBB508271 /* [CP] Check Pods Manifest.lock */ = {
			isa = PBXShellScriptBuildPhase;
			buildActionMask = 2147483647;
			files = (
			);
			inputPaths = (
			);
			name = "[CP] Check Pods Manifest.lock";
			outputPaths = (
			);
			runOnlyForDeploymentPostprocessing = 0;
			shellPath = /bin/sh;
			shellScript = "diff \"${PODS_PODFILE_DIR_PATH}/Podfile.lock\" \"${PODS_ROOT}/Manifest.lock\" > /dev/null\nif [ $? != 0 ] ; then\n    # print error to STDERR\n    echo \"error: The sandbox is not in sync with the Podfile.lock. Run 'pod install' or update your CocoaPods installation.\" >&2\n    exit 1\nfi\n";
			showEnvVarsInLog = 0;
		};
/* End PBXShellScriptBuildPhase section */

/* Begin PBXSourcesBuildPhase section */
		D971B57B1E1E80CF00F726EF /* Sources */ = {
			isa = PBXSourcesBuildPhase;
			buildActionMask = 2147483647;
			files = (
				D971B59C1E1E82DC00F726EF /* LineDashPolyline.m in Sources */,
				D971B59D1E1E82DC00F726EF /* MANaviAnnotation.m in Sources */,
				D971B59E1E1E82DC00F726EF /* MANaviPolyline.m in Sources */,
				D971B59F1E1E82DC00F726EF /* MANaviRoute.m in Sources */,
				D971B5A01E1E82DC00F726EF /* CommonUtility.m in Sources */,
				D971B59A1E1E824200F726EF /* RoutePathDetailViewController.swift in Sources */,
				D971B5971E1E824200F726EF /* RootViewController.swift in Sources */,
				D971B5821E1E80CF00F726EF /* AppDelegate.swift in Sources */,
				D971B5981E1E824200F726EF /* RoutePathDetailTableViewCell.swift in Sources */,
			);
			runOnlyForDeploymentPostprocessing = 0;
		};
		D971B6DB1E237D6900F726EF /* Sources */ = {
			isa = PBXSourcesBuildPhase;
			buildActionMask = 2147483647;
			files = (
				D971B6E21E237D6900F726EF /* RideRoutePlanDemoUITests.m in Sources */,
			);
			runOnlyForDeploymentPostprocessing = 0;
		};
		D97B7A801E1364A800B5116C /* Sources */ = {
			isa = PBXSourcesBuildPhase;
			buildActionMask = 2147483647;
			files = (
				D97B7A8F1E1364A800B5116C /* ViewController.m in Sources */,
				D97B7B531E13663E00B5116C /* CommonUtility.m in Sources */,
				D97B7B001E13663E00B5116C /* LineDashPolyline.m in Sources */,
				D97B7A8C1E1364A800B5116C /* AppDelegate.m in Sources */,
				D97B7B4F1E13663E00B5116C /* RoutePathDetailTableViewCell.m in Sources */,
				D97B7B021E13663E00B5116C /* MANaviPolyline.m in Sources */,
				D97B7B011E13663E00B5116C /* MANaviAnnotation.m in Sources */,
				D97B7B031E13663E00B5116C /* MANaviRoute.m in Sources */,
				D97B7A891E1364A800B5116C /* main.m in Sources */,
				D97B7B511E13663E00B5116C /* RoutePathDetailViewController.m in Sources */,
			);
			runOnlyForDeploymentPostprocessing = 0;
		};
/* End PBXSourcesBuildPhase section */

/* Begin PBXTargetDependency section */
		D971B6E51E237D6900F726EF /* PBXTargetDependency */ = {
			isa = PBXTargetDependency;
			target = D97B7A831E1364A800B5116C /* RideRoutePlanDemo */;
			targetProxy = D971B6E41E237D6900F726EF /* PBXContainerItemProxy */;
		};
/* End PBXTargetDependency section */

/* Begin PBXVariantGroup section */
		D971B5851E1E80CF00F726EF /* Main.storyboard */ = {
			isa = PBXVariantGroup;
			children = (
				D971B5861E1E80CF00F726EF /* Base */,
			);
			name = Main.storyboard;
			sourceTree = "<group>";
		};
		D971B58A1E1E80CF00F726EF /* LaunchScreen.storyboard */ = {
			isa = PBXVariantGroup;
			children = (
				D971B58B1E1E80CF00F726EF /* Base */,
			);
			name = LaunchScreen.storyboard;
			sourceTree = "<group>";
		};
		D97B7A901E1364A800B5116C /* Main.storyboard */ = {
			isa = PBXVariantGroup;
			children = (
				D97B7A911E1364A800B5116C /* Base */,
			);
			name = Main.storyboard;
			sourceTree = "<group>";
		};
		D97B7A951E1364A800B5116C /* LaunchScreen.storyboard */ = {
			isa = PBXVariantGroup;
			children = (
				D97B7A961E1364A800B5116C /* Base */,
			);
			name = LaunchScreen.storyboard;
			sourceTree = "<group>";
		};
/* End PBXVariantGroup section */

/* Begin XCBuildConfiguration section */
		D971B58E1E1E80CF00F726EF /* Debug */ = {
			isa = XCBuildConfiguration;
			baseConfigurationReference = 5003E9A47AEE2B2322944169 /* Pods-RideRoutePlanDemo-Swift.debug.xcconfig */;
			buildSettings = {
				ASSETCATALOG_COMPILER_APPICON_NAME = AppIcon;
				DEVELOPMENT_TEAM = YMJ372W38W;
				INFOPLIST_FILE = "RideRoutePlanDemo-Swift/Info.plist";
				IPHONEOS_DEPLOYMENT_TARGET = 8.0;
				LD_RUNPATH_SEARCH_PATHS = "$(inherited) @executable_path/Frameworks";
				PRODUCT_BUNDLE_IDENTIFIER = com.autonavi.RideRoutePlanDemo;
				PRODUCT_NAME = "$(TARGET_NAME)";
				PROVISIONING_PROFILE = "8014ae4e-33b6-4937-87e3-3725a2aad4f7";
				PROVISIONING_PROFILE_SPECIFIER = openPlatform_development;
				SWIFT_ACTIVE_COMPILATION_CONDITIONS = DEBUG;
				SWIFT_OBJC_BRIDGING_HEADER = "./RideRoutePlanDemo-Swift/Swift-Bridging-Header.h";
				SWIFT_OPTIMIZATION_LEVEL = "-Onone";
				SWIFT_VERSION = 3.0;
			};
			name = Debug;
		};
		D971B58F1E1E80CF00F726EF /* Release */ = {
			isa = XCBuildConfiguration;
			baseConfigurationReference = 429D8722635CC2ACC15E9494 /* Pods-RideRoutePlanDemo-Swift.release.xcconfig */;
			buildSettings = {
				ASSETCATALOG_COMPILER_APPICON_NAME = AppIcon;
				"CODE_SIGN_IDENTITY[sdk=iphoneos*]" = "iPhone Distribution";
				DEVELOPMENT_TEAM = YMJ372W38W;
				INFOPLIST_FILE = "RideRoutePlanDemo-Swift/Info.plist";
				IPHONEOS_DEPLOYMENT_TARGET = 8.0;
				LD_RUNPATH_SEARCH_PATHS = "$(inherited) @executable_path/Frameworks";
				PRODUCT_BUNDLE_IDENTIFIER = com.autonavi.RideRoutePlanDemo;
				PRODUCT_NAME = "$(TARGET_NAME)";
				PROVISIONING_PROFILE = "a892512d-fe94-4702-b716-0b66880b936d";
				PROVISIONING_PROFILE_SPECIFIER = openPlatformInhouse;
				SWIFT_OBJC_BRIDGING_HEADER = "./RideRoutePlanDemo-Swift/Swift-Bridging-Header.h";
				SWIFT_OPTIMIZATION_LEVEL = "-Owholemodule";
				SWIFT_VERSION = 3.0;
			};
			name = Release;
		};
		D971B6E61E237D6900F726EF /* Debug */ = {
			isa = XCBuildConfiguration;
			buildSettings = {
				DEVELOPMENT_TEAM = YMJ372W38W;
				INFOPLIST_FILE = RideRoutePlanDemoUITests/Info.plist;
				LD_RUNPATH_SEARCH_PATHS = "$(inherited) @executable_path/Frameworks @loader_path/Frameworks";
				PRODUCT_BUNDLE_IDENTIFIER = com.autonavi.RideRoutePlanDemoUITests;
				PRODUCT_NAME = "$(TARGET_NAME)";
				PROVISIONING_PROFILE = "8014ae4e-33b6-4937-87e3-3725a2aad4f7";
				PROVISIONING_PROFILE_SPECIFIER = openPlatform_development;
				TEST_TARGET_NAME = RideRoutePlanDemo;
			};
			name = Debug;
		};
		D971B6E71E237D6900F726EF /* Release */ = {
			isa = XCBuildConfiguration;
			buildSettings = {
				"CODE_SIGN_IDENTITY[sdk=iphoneos*]" = "iPhone Developer";
				DEVELOPMENT_TEAM = YMJ372W38W;
				INFOPLIST_FILE = RideRoutePlanDemoUITests/Info.plist;
				LD_RUNPATH_SEARCH_PATHS = "$(inherited) @executable_path/Frameworks @loader_path/Frameworks";
				PRODUCT_BUNDLE_IDENTIFIER = com.autonavi.RideRoutePlanDemoUITests;
				PRODUCT_NAME = "$(TARGET_NAME)";
				PROVISIONING_PROFILE = "8014ae4e-33b6-4937-87e3-3725a2aad4f7";
				PROVISIONING_PROFILE_SPECIFIER = openPlatform_development;
				TEST_TARGET_NAME = RideRoutePlanDemo;
			};
			name = Release;
		};
		D97B7A991E1364A800B5116C /* Debug */ = {
			isa = XCBuildConfiguration;
			buildSettings = {
				ALWAYS_SEARCH_USER_PATHS = NO;
				CLANG_ANALYZER_NONNULL = YES;
				CLANG_CXX_LANGUAGE_STANDARD = "gnu++0x";
				CLANG_CXX_LIBRARY = "libc++";
				CLANG_ENABLE_MODULES = YES;
				CLANG_ENABLE_OBJC_ARC = YES;
				CLANG_WARN_BOOL_CONVERSION = YES;
				CLANG_WARN_CONSTANT_CONVERSION = YES;
				CLANG_WARN_DIRECT_OBJC_ISA_USAGE = YES_ERROR;
				CLANG_WARN_DOCUMENTATION_COMMENTS = YES;
				CLANG_WARN_EMPTY_BODY = YES;
				CLANG_WARN_ENUM_CONVERSION = YES;
				CLANG_WARN_INFINITE_RECURSION = YES;
				CLANG_WARN_INT_CONVERSION = YES;
				CLANG_WARN_OBJC_ROOT_CLASS = YES_ERROR;
				CLANG_WARN_SUSPICIOUS_MOVE = YES;
				CLANG_WARN_UNREACHABLE_CODE = YES;
				CLANG_WARN__DUPLICATE_METHOD_MATCH = YES;
				"CODE_SIGN_IDENTITY[sdk=iphoneos*]" = "iPhone Developer";
				COPY_PHASE_STRIP = NO;
				DEBUG_INFORMATION_FORMAT = dwarf;
				ENABLE_STRICT_OBJC_MSGSEND = YES;
				ENABLE_TESTABILITY = YES;
				GCC_C_LANGUAGE_STANDARD = gnu99;
				GCC_DYNAMIC_NO_PIC = NO;
				GCC_NO_COMMON_BLOCKS = YES;
				GCC_OPTIMIZATION_LEVEL = 0;
				GCC_PREPROCESSOR_DEFINITIONS = (
					"DEBUG=1",
					"$(inherited)",
				);
				GCC_WARN_64_TO_32_BIT_CONVERSION = YES;
				GCC_WARN_ABOUT_RETURN_TYPE = YES_ERROR;
				GCC_WARN_UNDECLARED_SELECTOR = YES;
				GCC_WARN_UNINITIALIZED_AUTOS = YES_AGGRESSIVE;
				GCC_WARN_UNUSED_FUNCTION = YES;
				GCC_WARN_UNUSED_VARIABLE = YES;
				IPHONEOS_DEPLOYMENT_TARGET = 10.2;
				MTL_ENABLE_DEBUG_INFO = YES;
				ONLY_ACTIVE_ARCH = YES;
				SDKROOT = iphoneos;
			};
			name = Debug;
		};
		D97B7A9A1E1364A800B5116C /* Release */ = {
			isa = XCBuildConfiguration;
			buildSettings = {
				ALWAYS_SEARCH_USER_PATHS = NO;
				CLANG_ANALYZER_NONNULL = YES;
				CLANG_CXX_LANGUAGE_STANDARD = "gnu++0x";
				CLANG_CXX_LIBRARY = "libc++";
				CLANG_ENABLE_MODULES = YES;
				CLANG_ENABLE_OBJC_ARC = YES;
				CLANG_WARN_BOOL_CONVERSION = YES;
				CLANG_WARN_CONSTANT_CONVERSION = YES;
				CLANG_WARN_DIRECT_OBJC_ISA_USAGE = YES_ERROR;
				CLANG_WARN_DOCUMENTATION_COMMENTS = YES;
				CLANG_WARN_EMPTY_BODY = YES;
				CLANG_WARN_ENUM_CONVERSION = YES;
				CLANG_WARN_INFINITE_RECURSION = YES;
				CLANG_WARN_INT_CONVERSION = YES;
				CLANG_WARN_OBJC_ROOT_CLASS = YES_ERROR;
				CLANG_WARN_SUSPICIOUS_MOVE = YES;
				CLANG_WARN_UNREACHABLE_CODE = YES;
				CLANG_WARN__DUPLICATE_METHOD_MATCH = YES;
				"CODE_SIGN_IDENTITY[sdk=iphoneos*]" = "iPhone Developer";
				COPY_PHASE_STRIP = NO;
				DEBUG_INFORMATION_FORMAT = "dwarf-with-dsym";
				ENABLE_NS_ASSERTIONS = NO;
				ENABLE_STRICT_OBJC_MSGSEND = YES;
				GCC_C_LANGUAGE_STANDARD = gnu99;
				GCC_NO_COMMON_BLOCKS = YES;
				GCC_WARN_64_TO_32_BIT_CONVERSION = YES;
				GCC_WARN_ABOUT_RETURN_TYPE = YES_ERROR;
				GCC_WARN_UNDECLARED_SELECTOR = YES;
				GCC_WARN_UNINITIALIZED_AUTOS = YES_AGGRESSIVE;
				GCC_WARN_UNUSED_FUNCTION = YES;
				GCC_WARN_UNUSED_VARIABLE = YES;
				IPHONEOS_DEPLOYMENT_TARGET = 10.2;
				MTL_ENABLE_DEBUG_INFO = NO;
				SDKROOT = iphoneos;
				VALIDATE_PRODUCT = YES;
			};
			name = Release;
		};
		D97B7A9C1E1364A800B5116C /* Debug */ = {
			isa = XCBuildConfiguration;
			baseConfigurationReference = A01E9535400EDDB54DC7E799 /* Pods-RideRoutePlanDemo.debug.xcconfig */;
			buildSettings = {
				ASSETCATALOG_COMPILER_APPICON_NAME = AppIcon;
				DEVELOPMENT_TEAM = YMJ372W38W;
				INFOPLIST_FILE = RideRoutePlanDemo/Info.plist;
				IPHONEOS_DEPLOYMENT_TARGET = 8.0;
				LD_RUNPATH_SEARCH_PATHS = "$(inherited) @executable_path/Frameworks";
				PRODUCT_BUNDLE_IDENTIFIER = com.autonavi.RideRoutePlanDemo;
				PRODUCT_NAME = "$(TARGET_NAME)";
				PROVISIONING_PROFILE = "8014ae4e-33b6-4937-87e3-3725a2aad4f7";
				PROVISIONING_PROFILE_SPECIFIER = openPlatform_development;
			};
			name = Debug;
		};
		D97B7A9D1E1364A800B5116C /* Release */ = {
			isa = XCBuildConfiguration;
			baseConfigurationReference = 1DB2FA850E0F5D71DD0558DB /* Pods-RideRoutePlanDemo.release.xcconfig */;
			buildSettings = {
				ASSETCATALOG_COMPILER_APPICON_NAME = AppIcon;
				"CODE_SIGN_IDENTITY[sdk=iphoneos*]" = "iPhone Distribution";
				DEVELOPMENT_TEAM = YMJ372W38W;
				INFOPLIST_FILE = RideRoutePlanDemo/Info.plist;
				IPHONEOS_DEPLOYMENT_TARGET = 8.0;
				LD_RUNPATH_SEARCH_PATHS = "$(inherited) @executable_path/Frameworks";
				PRODUCT_BUNDLE_IDENTIFIER = com.autonavi.RideRoutePlanDemo;
				PRODUCT_NAME = "$(TARGET_NAME)";
				PROVISIONING_PROFILE = "a892512d-fe94-4702-b716-0b66880b936d";
				PROVISIONING_PROFILE_SPECIFIER = openPlatformInhouse;
			};
			name = Release;
		};
/* End XCBuildConfiguration section */

/* Begin XCConfigurationList section */
		D971B5901E1E80CF00F726EF /* Build configuration list for PBXNativeTarget "RideRoutePlanDemo-Swift" */ = {
			isa = XCConfigurationList;
			buildConfigurations = (
				D971B58E1E1E80CF00F726EF /* Debug */,
				D971B58F1E1E80CF00F726EF /* Release */,
			);
			defaultConfigurationIsVisible = 0;
			defaultConfigurationName = Release;
		};
		D971B6E81E237D6900F726EF /* Build configuration list for PBXNativeTarget "RideRoutePlanDemoUITests" */ = {
			isa = XCConfigurationList;
			buildConfigurations = (
				D971B6E61E237D6900F726EF /* Debug */,
				D971B6E71E237D6900F726EF /* Release */,
			);
			defaultConfigurationIsVisible = 0;
		};
		D97B7A7F1E1364A800B5116C /* Build configuration list for PBXProject "RideRoutePlanDemo" */ = {
			isa = XCConfigurationList;
			buildConfigurations = (
				D97B7A991E1364A800B5116C /* Debug */,
				D97B7A9A1E1364A800B5116C /* Release */,
			);
			defaultConfigurationIsVisible = 0;
			defaultConfigurationName = Release;
		};
		D97B7A9B1E1364A800B5116C /* Build configuration list for PBXNativeTarget "RideRoutePlanDemo" */ = {
			isa = XCConfigurationList;
			buildConfigurations = (
				D97B7A9C1E1364A800B5116C /* Debug */,
				D97B7A9D1E1364A800B5116C /* Release */,
			);
			defaultConfigurationIsVisible = 0;
			defaultConfigurationName = Release;
		};
/* End XCConfigurationList section */
	};
	rootObject = D97B7A7C1E1364A800B5116C /* Project object */;
}
